// !$*UTF8*$!
{
	archiveVersion = 1;
	classes = {
	};
	objectVersion = 77;
	objects = {

/* Begin PBXBuildFile section */
		03473A0809C5F810ABF7085B /* InsightsChartDescriptorTests.swift in Sources */ = {isa = PBXBuildFile; fileRef = 65D5FDED989398FD2671303C /* InsightsChartDescriptorTests.swift */; };
		088A0A9547D3AF1856032AD0 /* IntensityPicker.swift in Sources */ = {isa = PBXBuildFile; fileRef = DAE13AE950D2FC48D6396207 /* IntensityPicker.swift */; };
		08B4B6A550B775996DD07EF8 /* CopingStep.swift in Sources */ = {isa = PBXBuildFile; fileRef = F75137FB505AFD167B0BE54E /* CopingStep.swift */; };
		08F20C61D0758AA5628806E8 /* HealthService.swift in Sources */ = {isa = PBXBuildFile; fileRef = 270853AFA9340C271CA558F5 /* HealthService.swift */; };
		09076C6771D243015E361F84 /* ExportServiceLogseqTests.swift in Sources */ = {isa = PBXBuildFile; fileRef = CF70B3380626A0D857A1E2AC /* ExportServiceLogseqTests.swift */; };
		0933844880766DAE10CB0CF9 /* SensationsStep.swift in Sources */ = {isa = PBXBuildFile; fileRef = AB442A2270FD273789D8284D /* SensationsStep.swift */; };
		09858D6FE2E2838C5D30AD81 /* IntentionDayFelt.swift in Sources */ = {isa = PBXBuildFile; fileRef = 42F4EDC2DAFAA3C11A8DE88B /* IntentionDayFelt.swift */; };
		0CAAE68B9551C2DB13F58630 /* ReminderService.swift in Sources */ = {isa = PBXBuildFile; fileRef = B853D8246487F25572AEF0F5 /* ReminderService.swift */; };
		0E13AFD750E0DD4E4CD8205F /* EmotionColorPaletteTests.swift in Sources */ = {isa = PBXBuildFile; fileRef = 08E53C404C96AD5249068055 /* EmotionColorPaletteTests.swift */; };
		0E61B04B729FF069F3E8660B /* OpenFeelingsWatch.app in Embed Watch Content */ = {isa = PBXBuildFile; fileRef = 464D885245E0FF5E70E4FF20 /* OpenFeelingsWatch.app */; settings = {ATTRIBUTES = (RemoveHeadersOnCopy, ); }; };
		0EECCA9D39125FBE8BD6F190 /* HistoryDeleteTests.swift in Sources */ = {isa = PBXBuildFile; fileRef = 1772A8BCB2595E645C9E5080 /* HistoryDeleteTests.swift */; };
		0F78382D02F7E444C1DECBA3 /* IntentionsView.swift in Sources */ = {isa = PBXBuildFile; fileRef = A638C240E85A7FEA5F2D883F /* IntentionsView.swift */; };
		12D615BFB4D8CCD1130E8081 /* CheckInWizardState.swift in Sources */ = {isa = PBXBuildFile; fileRef = B21F7225D1167F723EC98F10 /* CheckInWizardState.swift */; };
		12E0F2178AC63F6B482A809B /* TherapyReportPDFService.swift in Sources */ = {isa = PBXBuildFile; fileRef = 494ECD530239CC1891D17A81 /* TherapyReportPDFService.swift */; };
		13FBCFA3838B55A7F8024F1F /* HealthKitMapperTests.swift in Sources */ = {isa = PBXBuildFile; fileRef = 3AF040E2F0926C227D98B6D1 /* HealthKitMapperTests.swift */; };
		173DAD6E8083040CB502D21F /* UserNotifications.framework in Frameworks */ = {isa = PBXBuildFile; fileRef = F305DB0DD1C152FEAF981408 /* UserNotifications.framework */; };
		18682033B8552EFFF0BA0A2E /* ExportService.swift in Sources */ = {isa = PBXBuildFile; fileRef = 4CF78191FFFE7BD6EBE567F7 /* ExportService.swift */; };
		189D1693B1C37C03C1976141 /* WeekSummaryTests.swift in Sources */ = {isa = PBXBuildFile; fileRef = 96ADEE9D24BB085DA4CE55A2 /* WeekSummaryTests.swift */; };
		1A824B16E348EDA780D3550E /* JournalText.swift in Sources */ = {isa = PBXBuildFile; fileRef = D24DA87BAAB515E03C03965D /* JournalText.swift */; };
		212D290737542E9A4F507DBD /* SecondaryFeelingPicker.swift in Sources */ = {isa = PBXBuildFile; fileRef = A4BCFF283DD0D0F66527D705 /* SecondaryFeelingPicker.swift */; };
		21C88844821E3A38CCB8002F /* BodyTaxonomy.swift in Sources */ = {isa = PBXBuildFile; fileRef = F79F6E093C84D3775EDED708 /* BodyTaxonomy.swift */; };
		2738E06A6C334EC851C7B103 /* Assets.xcassets in Resources */ = {isa = PBXBuildFile; fileRef = C4C624625E9E1C8E4381C457 /* Assets.xcassets */; };
		2B2D4B5BE6783AA819C122FD /* OFChip.swift in Sources */ = {isa = PBXBuildFile; fileRef = 37E6DFD5B60E08A57A1FFBDA /* OFChip.swift */; };
		2B7CCCA566134D1C3BD9ABFE /* OFButton.swift in Sources */ = {isa = PBXBuildFile; fileRef = 96FEC32E3B681940E6AEEC72 /* OFButton.swift */; };
		2CF4C2CBF326A44E974C7389 /* JournalShareService.swift in Sources */ = {isa = PBXBuildFile; fileRef = 50CA78BE3C53FCA7FF28ECC5 /* JournalShareService.swift */; };
		2D7523DB9F3627E60DCAB521 /* EmotionTaxonomy.swift in Sources */ = {isa = PBXBuildFile; fileRef = 7E55CD92959AD25E36DB17D2 /* EmotionTaxonomy.swift */; };
		2D7F3E55328881C064C1F30B /* AppearanceModeTests.swift in Sources */ = {isa = PBXBuildFile; fileRef = A72D429D414F0046295E2E50 /* AppearanceModeTests.swift */; };
		2F2B16B97C23CCE836AE5373 /* WatchSyncServiceTests.swift in Sources */ = {isa = PBXBuildFile; fileRef = 8FEB00ED37F9809278819E66 /* WatchSyncServiceTests.swift */; };
		3174D671D427D4E0E115CB0B /* EmotionTaxonomyTests.swift in Sources */ = {isa = PBXBuildFile; fileRef = 17DC44721733546416582778 /* EmotionTaxonomyTests.swift */; };
		31EA02F0D4D045B03BC52A7D /* WatchCheckInPayload.swift in Sources */ = {isa = PBXBuildFile; fileRef = 97E063AD3C5F9E15541D46AC /* WatchCheckInPayload.swift */; };
		32BB847E8084657FD00587CE /* OpenFeelingsWatchApp.swift in Sources */ = {isa = PBXBuildFile; fileRef = 3BA060D8C4EECFFA215E9C86 /* OpenFeelingsWatchApp.swift */; };
		32EC8F42D60F0E3EEEAE8B14 /* AppearanceMode.swift in Sources */ = {isa = PBXBuildFile; fileRef = 9BF529546E7FDC311A94B4B7 /* AppearanceMode.swift */; };
		32F98CF2E9DFA5DECF145206 /* WatchCheckInPayloadTests.swift in Sources */ = {isa = PBXBuildFile; fileRef = 156795D51040306BD09F3006 /* WatchCheckInPayloadTests.swift */; };
		35B8237F53C22352502C858B /* WizardCheckInView.swift in Sources */ = {isa = PBXBuildFile; fileRef = A28B3DCE5CF69DB15F2C1E84 /* WizardCheckInView.swift */; };
		35CCD3D6A82E4B454ED039FA /* BodyStep.swift in Sources */ = {isa = PBXBuildFile; fileRef = B45E70AE3D7D5B3BA5F5D31B /* BodyStep.swift */; };
		364FB17A8527C8C3FEADA0E9 /* OFSectionHeader.swift in Sources */ = {isa = PBXBuildFile; fileRef = 673304A78F91B0FBAB57E263 /* OFSectionHeader.swift */; };
		38658901E28E559006B92B51 /* TherapyReportData.swift in Sources */ = {isa = PBXBuildFile; fileRef = BA01967BCD9E433554336344 /* TherapyReportData.swift */; };
		39569C6CB305989603C0C187 /* WatchConnectivity.framework in Frameworks */ = {isa = PBXBuildFile; fileRef = B7C7552D87622E0084230E5E /* WatchConnectivity.framework */; };
		397ABA5F8FAFD64C1EC14019 /* LearnedBodyMap.swift in Sources */ = {isa = PBXBuildFile; fileRef = D4E574AA868473503162215C /* LearnedBodyMap.swift */; };
		399059894BECDC267871CEDE /* InsightsView.swift in Sources */ = {isa = PBXBuildFile; fileRef = 85F6FF9EEE69BDBD038A224B /* InsightsView.swift */; };
		3CFA80EE13B5665871E1D1CE /* SpecificFeelingPicker.swift in Sources */ = {isa = PBXBuildFile; fileRef = F40A230E1202D1D42214CE2F /* SpecificFeelingPicker.swift */; };
		3D5BDB7D779D26BDA9905666 /* WheelViewportTransformTests.swift in Sources */ = {isa = PBXBuildFile; fileRef = C6CD3074A5394FAAE9FBB07B /* WheelViewportTransformTests.swift */; };
		3FD3936D3F358291ED7B7FD9 /* MoodScale.swift in Sources */ = {isa = PBXBuildFile; fileRef = E852D8C541C1A6BF6F2DADD5 /* MoodScale.swift */; };
		406AE87BB5B6683201CC353F /* CheckInDraftTests.swift in Sources */ = {isa = PBXBuildFile; fileRef = 4073497ECC60F9CC7EEBD189 /* CheckInDraftTests.swift */; };
		40C2D0C262E0CE5974F24722 /* SensationPicker.swift in Sources */ = {isa = PBXBuildFile; fileRef = 467A1BE03FA4A9092BADB1FB /* SensationPicker.swift */; };
		4111A094708B2A54B9557B70 /* ExportServiceTests.swift in Sources */ = {isa = PBXBuildFile; fileRef = 2EDADDC3603FCA59B70E4348 /* ExportServiceTests.swift */; };
		424AAD19887413FB7CAFBBCD /* LearnedBodyMapTests.swift in Sources */ = {isa = PBXBuildFile; fileRef = 6F8CC033A8036714D6596C7C /* LearnedBodyMapTests.swift */; };
		42E45D793A6B92B8E2D75185 /* ContextStep.swift in Sources */ = {isa = PBXBuildFile; fileRef = C461C99EA02F647B219DBACC /* ContextStep.swift */; };
		42EA729916148685FC11E4A5 /* ShareSheet.swift in Sources */ = {isa = PBXBuildFile; fileRef = B9D05B5BB1CF3FE4BCB02F59 /* ShareSheet.swift */; };
		42F96DD600BC611CA17FCD72 /* LiquidGlass.swift in Sources */ = {isa = PBXBuildFile; fileRef = 1292B5645B01B5EFDB92AE05 /* LiquidGlass.swift */; };
		4525E98E91208FE49B00EBFE /* PersonalizationNudge.swift in Sources */ = {isa = PBXBuildFile; fileRef = 0515B72A8FAC01AA37180E2A /* PersonalizationNudge.swift */; };
		46C276F4A404056684E8DAEB /* AppIconView.swift in Sources */ = {isa = PBXBuildFile; fileRef = 186F1042FF9CD96AF90DFC95 /* AppIconView.swift */; };
		490A441FEE0CCD3676BFD8DD /* CheckInStepKindTests.swift in Sources */ = {isa = PBXBuildFile; fileRef = B624F35F9610784AEA13A3A1 /* CheckInStepKindTests.swift */; };
		4AF0ADF55D1E292CEEDEF66E /* FeelingLog.swift in Sources */ = {isa = PBXBuildFile; fileRef = D1C1969664DAE9332E91F254 /* FeelingLog.swift */; };
		4B371CC39F85142B4CEE87B3 /* ContextTaxonomy.swift in Sources */ = {isa = PBXBuildFile; fileRef = 2A4DC35489830AC2C557E692 /* ContextTaxonomy.swift */; };
		4B7A92CCBAAAD94FCD1D54C4 /* TriggersStep.swift in Sources */ = {isa = PBXBuildFile; fileRef = 2A9FA20488540C2867C4A648 /* TriggersStep.swift */; };
		4D59C736DCC60FACE468DB16 /* FeatureFlags.swift in Sources */ = {isa = PBXBuildFile; fileRef = F420444BE4D3721C8F87B92D /* FeatureFlags.swift */; };
		4DEC3D3D1CDB695B2FDACA6F /* CheckInRootView.swift in Sources */ = {isa = PBXBuildFile; fileRef = 5C11D8D490876864723023D4 /* CheckInRootView.swift */; };
		4DF1FCB2092988CE954C1507 /* CoreFeelingPicker.swift in Sources */ = {isa = PBXBuildFile; fileRef = 13E2166C782A963AA06ACC3B /* CoreFeelingPicker.swift */; };
		4EAFA054342A1132AE893FC5 /* TriggerCopingTaxonomy.swift in Sources */ = {isa = PBXBuildFile; fileRef = 76CEC54B4C4FB9FB92471F4D /* TriggerCopingTaxonomy.swift */; };
		4ED7DBF28DD53693982BD474 /* BodyMapSettingsView.swift in Sources */ = {isa = PBXBuildFile; fileRef = A29F05A83E93DC5826C386F5 /* BodyMapSettingsView.swift */; };
		5137AEFD7888146FAC1FCD1D /* CheckInStepKind.swift in Sources */ = {isa = PBXBuildFile; fileRef = B8545D0663176438CED1D2D7 /* CheckInStepKind.swift */; };
		53EB6FCD8BA4469352F34CC8 /* BodySilhouetteView.swift in Sources */ = {isa = PBXBuildFile; fileRef = A8E0422D584F9FB87346FFBC /* BodySilhouetteView.swift */; };
		5879811C404CA3367A1A5075 /* ReflectStep.swift in Sources */ = {isa = PBXBuildFile; fileRef = 96EC87B8A6AEA46829FA8412 /* ReflectStep.swift */; };
		5E3300179DC74485C286F28D /* IntentionDayFeltTests.swift in Sources */ = {isa = PBXBuildFile; fileRef = E6A9AAFA48A8D9916962C66C /* IntentionDayFeltTests.swift */; };
		60F88FEB494C6CA274E6B618 /* Greeting.swift in Sources */ = {isa = PBXBuildFile; fileRef = 761168044FE1E8231D0CCD3B /* Greeting.swift */; };
		623702D5BCB58CA6AD952961 /* TriggerCopingTaxonomyTests.swift in Sources */ = {isa = PBXBuildFile; fileRef = 62C5638C7143F19756D4F706 /* TriggerCopingTaxonomyTests.swift */; };
		63A613DDF289E5C6807DB98A /* MoodScaleTests.swift in Sources */ = {isa = PBXBuildFile; fileRef = 6CEFF29F9D2ED37AFBAC8FAD /* MoodScaleTests.swift */; };
		648E8E699680F70D0013BC77 /* OFListRow.swift in Sources */ = {isa = PBXBuildFile; fileRef = 8D15E50CE42EAB2D6178F6E0 /* OFListRow.swift */; };
		65050F421A2359929132B426 /* BodyTaxonomy.swift in Sources */ = {isa = PBXBuildFile; fileRef = F79F6E093C84D3775EDED708 /* BodyTaxonomy.swift */; };
		66F4B96CBC9DEEA5ACE69E5B /* EmotionTaxonomy.swift in Sources */ = {isa = PBXBuildFile; fileRef = 7E55CD92959AD25E36DB17D2 /* EmotionTaxonomy.swift */; };
		68A231876EB468982FA6F17C /* EmotionDefinitions.swift in Sources */ = {isa = PBXBuildFile; fileRef = 3B34230A9CB898470920148B /* EmotionDefinitions.swift */; };
		68E95B34E2877C8A748EE5E4 /* TodayViewAXTests.swift in Sources */ = {isa = PBXBuildFile; fileRef = ABC071B7FFCF4E5B30B9C4C4 /* TodayViewAXTests.swift */; };
		6A086118F58A2014E3049A71 /* InsightsDataset.swift in Sources */ = {isa = PBXBuildFile; fileRef = 2FC317F1254C07891B905A2F /* InsightsDataset.swift */; };
		6A288364F568F970E41D6AFD /* HistoryDateGroupingTests.swift in Sources */ = {isa = PBXBuildFile; fileRef = 9B347D3DFDCF1B5DDBA9ECA8 /* HistoryDateGroupingTests.swift */; };
		6A908A698926019D47058E0F /* CheckInFlowEngineTests.swift in Sources */ = {isa = PBXBuildFile; fileRef = C5A964AA9D5F2263F3F404ED /* CheckInFlowEngineTests.swift */; };
		6B45C1549F740BE3821481CB /* WatchSessionClient.swift in Sources */ = {isa = PBXBuildFile; fileRef = 555051881E4EB6BEE6441D3D /* WatchSessionClient.swift */; };
		6B85C09974147D729D5F79BC /* AppNavigation.swift in Sources */ = {isa = PBXBuildFile; fileRef = 493A5AC7F3B3BD365062DB5D /* AppNavigation.swift */; };
		6F9D189D177331830F250286 /* LockGateView.swift in Sources */ = {isa = PBXBuildFile; fileRef = FEC7DB1837474E15C9A66E13 /* LockGateView.swift */; };
		71E478571A4718C3EE53657D /* TodayView.swift in Sources */ = {isa = PBXBuildFile; fileRef = E249B39B8711CDB62DAA306E /* TodayView.swift */; };
		7A5CDCA737F19EEE682FF2D6 /* AppNavigationTests.swift in Sources */ = {isa = PBXBuildFile; fileRef = 865935CC06FCA28B76C62FCD /* AppNavigationTests.swift */; };
		7C142522E509F8C822A13D65 /* CheckInDraft.swift in Sources */ = {isa = PBXBuildFile; fileRef = 8F9A872D72EDAD8E42137BB5 /* CheckInDraft.swift */; };
		7EAE6D48259BA29E3396F10C /* JournalShareServiceTests.swift in Sources */ = {isa = PBXBuildFile; fileRef = A00FD5F9445C2DD71F9600FE /* JournalShareServiceTests.swift */; };
		80852C2F4E568359FBD158C5 /* TherapyReportPDFServiceTests.swift in Sources */ = {isa = PBXBuildFile; fileRef = 3A44364C666A3699459891C6 /* TherapyReportPDFServiceTests.swift */; };
		829BEEFF2F252718BA95707E /* WatchCheckInSettings.swift in Sources */ = {isa = PBXBuildFile; fileRef = 246FF3C81FAF6DA04D7DC616 /* WatchCheckInSettings.swift */; };
		86C9EC37D0756765FBE998D3 /* HistoryView.swift in Sources */ = {isa = PBXBuildFile; fileRef = AA5A4382CFA9DE8E22655357 /* HistoryView.swift */; };
		8932D616F1DE3C04B3C4E8CD /* CheckInView.swift in Sources */ = {isa = PBXBuildFile; fileRef = 9138E6D8E4A840D94F5F0C46 /* CheckInView.swift */; };
		8DAD0AF27D2EF7F4F9494D6E /* GreetingTests.swift in Sources */ = {isa = PBXBuildFile; fileRef = 764DCB6D65D0FAA3772A4AAA /* GreetingTests.swift */; };
		8FB433BA5A35DB2556E8A643 /* InsightsSummaryTests.swift in Sources */ = {isa = PBXBuildFile; fileRef = 9A91A71CCB26AE83A2F45AB9 /* InsightsSummaryTests.swift */; };
		93C6AE36CE94A4BF319C7164 /* InsightsDatasetTests.swift in Sources */ = {isa = PBXBuildFile; fileRef = D928D754117BD9A1043AC19A /* InsightsDatasetTests.swift */; };
		942DC9636A36E855CD74856E /* FeelingStep.swift in Sources */ = {isa = PBXBuildFile; fileRef = 3BD5CE6E917C19C55E6B3679 /* FeelingStep.swift */; };
		94F57299E8ACBCAEF3EB2C40 /* OpenFeelingsApp.swift in Sources */ = {isa = PBXBuildFile; fileRef = E0878680732EAE776729AD8F /* OpenFeelingsApp.swift */; };
		9833333060417938341C17C7 /* EmotionColorPalette.swift in Sources */ = {isa = PBXBuildFile; fileRef = 25CB8D043EB9C6E1CBE22CDC /* EmotionColorPalette.swift */; };
		98940F4B2A48443EFE09A1D2 /* StepHeader.swift in Sources */ = {isa = PBXBuildFile; fileRef = 1E36FA186526385FF499AE4E /* StepHeader.swift */; };
		9A2E3D3C49289BAEB8AA598E /* ExportService+Logseq.swift in Sources */ = {isa = PBXBuildFile; fileRef = 4F17029E1FE2971A883A1F44 /* ExportService+Logseq.swift */; };
		9B0D1FC76E20AA3CAC8ED6B9 /* BodyEmotionMap.swift in Sources */ = {isa = PBXBuildFile; fileRef = 9CCE216EE5D82F956DC02576 /* BodyEmotionMap.swift */; };
		9D075BFB8688F6D306F5E192 /* IntentionTests.swift in Sources */ = {isa = PBXBuildFile; fileRef = 9C2393CAA4A99A9EAA5405B6 /* IntentionTests.swift */; };
		9D1C2A46735BF5A7C3D7BAE2 /* UserBodyMap.swift in Sources */ = {isa = PBXBuildFile; fileRef = 86992BC2A4EE056BCADB460D /* UserBodyMap.swift */; };
		9D8191F168CD0B9A2DC899D3 /* EmotionDefinitionCard.swift in Sources */ = {isa = PBXBuildFile; fileRef = 2024F67D00A5BB9D28CA1126 /* EmotionDefinitionCard.swift */; };
		9FDF2AA07587BE3FE57CFE26 /* CheckInFlowSettingsView.swift in Sources */ = {isa = PBXBuildFile; fileRef = 5DBE7791A5A4F34B61AC23A0 /* CheckInFlowSettingsView.swift */; };
		A127251766B53F49634A5895 /* WatchConnectivity.framework in Frameworks */ = {isa = PBXBuildFile; fileRef = B7C7552D87622E0084230E5E /* WatchConnectivity.framework */; };
		A4DAB7C96F4B4342A88085A6 /* HealthKit.framework in Frameworks */ = {isa = PBXBuildFile; fileRef = 60CAF5B22D477191AAC90A68 /* HealthKit.framework */; };
		A5151D4DB8AE2987680D3AC9 /* AppLockService.swift in Sources */ = {isa = PBXBuildFile; fileRef = 3F9DBD58FC8EDD3CC05DB025 /* AppLockService.swift */; };
		A6EF192827257C28B35C8DB7 /* TherapyReportSettingsView.swift in Sources */ = {isa = PBXBuildFile; fileRef = 03A39CE3CFFB6A17B71E95B9 /* TherapyReportSettingsView.swift */; };
		A6EF522C92D7DD08E1852A91 /* StepProgressBar.swift in Sources */ = {isa = PBXBuildFile; fileRef = A355CDC9B28A9B941400AFA6 /* StepProgressBar.swift */; };
		A7087DF600D27FA710FB840C /* Intention.swift in Sources */ = {isa = PBXBuildFile; fileRef = A139F747628A106913257991 /* Intention.swift */; };
		A805B0FB1A2A5691E12C78AE /* OFEmptyState.swift in Sources */ = {isa = PBXBuildFile; fileRef = 39F09CBFBF5B196FE262C142 /* OFEmptyState.swift */; };
		AC2648868DD71DAA1AE5C7D6 /* BodyRegionPicker.swift in Sources */ = {isa = PBXBuildFile; fileRef = 9A676263C20FEE787D58C8F7 /* BodyRegionPicker.swift */; };
		AC6858773A1DB082EC9140FB /* StepNav.swift in Sources */ = {isa = PBXBuildFile; fileRef = 295D45C9D0C561EB42973B20 /* StepNav.swift */; };
		B0533A3684164C5BF81C2848 /* WeekSummary.swift in Sources */ = {isa = PBXBuildFile; fileRef = 71314FEA8C977CF9A5AD4F06 /* WeekSummary.swift */; };
		B6FD43FFC5F3CEB1EED4919D /* WatchCheckInPayload.swift in Sources */ = {isa = PBXBuildFile; fileRef = 97E063AD3C5F9E15541D46AC /* WatchCheckInPayload.swift */; };
		BB139D88E1285BFAA7BFA813 /* OpenFeelingsUITests.swift in Sources */ = {isa = PBXBuildFile; fileRef = 9B8A06E8A53572A1716E8A99 /* OpenFeelingsUITests.swift */; };
		BD27EC055FD4DC1826AB1E06 /* WatchSyncService.swift in Sources */ = {isa = PBXBuildFile; fileRef = 6625DA0A4DB7B1A02D92A7ED /* WatchSyncService.swift */; };
		BD559B6C26624E9F5DBD4AC8 /* TherapyReportPages.swift in Sources */ = {isa = PBXBuildFile; fileRef = 31CED3B3FE9900D791C1BD4C /* TherapyReportPages.swift */; };
		BDC94C788370C0FB6C669527 /* CheckInFlowEngine.swift in Sources */ = {isa = PBXBuildFile; fileRef = 430D545A44D2FD8E845DA0B4 /* CheckInFlowEngine.swift */; };
		BE4F6B74031D931677239AA6 /* BodyTaxonomyTests.swift in Sources */ = {isa = PBXBuildFile; fileRef = 662AD400A8250C1F0AE595B4 /* BodyTaxonomyTests.swift */; };
		BF33A818F631C5B167456EE7 /* HistoryViewAXTests.swift in Sources */ = {isa = PBXBuildFile; fileRef = 6EFC747E5175AA458493E26C /* HistoryViewAXTests.swift */; };
		C6D9AFD5AB828C33817FD1C7 /* Assets.xcassets in Resources */ = {isa = PBXBuildFile; fileRef = 9D67BAF0CDDAEB30DA7B36F6 /* Assets.xcassets */; };
		C81CF1D5A2FE1969CEC5042C /* RootView.swift in Sources */ = {isa = PBXBuildFile; fileRef = C932D5F22945AFFBE7E2E184 /* RootView.swift */; };
		CB7880FD868691E4911F05C0 /* LocalAuthentication.framework in Frameworks */ = {isa = PBXBuildFile; fileRef = 8634C539E9E91494BB8296B7 /* LocalAuthentication.framework */; };
		CDBD062828BA92D93932A903 /* WatchCheckInSettings.swift in Sources */ = {isa = PBXBuildFile; fileRef = 246FF3C81FAF6DA04D7DC616 /* WatchCheckInSettings.swift */; };
		CE0318F0BF006DB29544475E /* StrengthStep.swift in Sources */ = {isa = PBXBuildFile; fileRef = 518E478CE65EB2DA13685C61 /* StrengthStep.swift */; };
		CE732280C7427FC328F78C0C /* WatchSettingsStore.swift in Sources */ = {isa = PBXBuildFile; fileRef = 3DAB79132B33CB384631F146 /* WatchSettingsStore.swift */; };
		CF83AB346BACEBA934FD811E /* MoodStep.swift in Sources */ = {isa = PBXBuildFile; fileRef = F6959718821B4B5A9BE5B391 /* MoodStep.swift */; };
		D132D67A4072BA22EB1517AA /* SettingsView.swift in Sources */ = {isa = PBXBuildFile; fileRef = B67A46078B6257523BDCA760 /* SettingsView.swift */; };
		D2366692E84C4389A4B3F7EA /* UserBodyMapTests.swift in Sources */ = {isa = PBXBuildFile; fileRef = 04222452EC9D14AA2FC547CE /* UserBodyMapTests.swift */; };
		D5F720F7DB22873766889092 /* NoteEntryView.swift in Sources */ = {isa = PBXBuildFile; fileRef = E3D68D35EA481C77B2226517 /* NoteEntryView.swift */; };
		D74AEFAFBF80DCFDEEFF1DB5 /* OFChipIdentifierTests.swift in Sources */ = {isa = PBXBuildFile; fileRef = 046676990FE85881F78D3406 /* OFChipIdentifierTests.swift */; };
		DCE91AE6501FB582480508DA /* TherapyReportDataTests.swift in Sources */ = {isa = PBXBuildFile; fileRef = D9D201B86C580BD30270D860 /* TherapyReportDataTests.swift */; };
		DD33FA92DFE817DF833DD6D1 /* EmotionColor.swift in Sources */ = {isa = PBXBuildFile; fileRef = 1EB7650384FCF8D402BA9E59 /* EmotionColor.swift */; };
		E0F257C1963925D1CBC6FCE3 /* MoreDetailDisclosure.swift in Sources */ = {isa = PBXBuildFile; fileRef = 3AE50F3B4D41BD2A8AE31C31 /* MoreDetailDisclosure.swift */; };
		E40C48CD97294796C278116A /* ContextTaxonomyTests.swift in Sources */ = {isa = PBXBuildFile; fileRef = EA0D9687C33DDDF47BAF8682 /* ContextTaxonomyTests.swift */; };
		E5CDDE9B3D4D74F5C82D4C72 /* NoteEditorSheet.swift in Sources */ = {isa = PBXBuildFile; fileRef = 67883588A892337E51FF1047 /* NoteEditorSheet.swift */; };
		EAA4BD296FE9B3789D321049 /* BodyEmotionMapTests.swift in Sources */ = {isa = PBXBuildFile; fileRef = 4863F4EFA1517ABBCA9B87B5 /* BodyEmotionMapTests.swift */; };
		ED0B67AD789F0B3243FC5F1B /* SelectedFeelingBadge.swift in Sources */ = {isa = PBXBuildFile; fileRef = 4F0E026042777B83C0ACB5CA /* SelectedFeelingBadge.swift */; };
		F4F77872D9D77888690E6CDE /* HistoryFilterPredicateTests.swift in Sources */ = {isa = PBXBuildFile; fileRef = 8BBA239F10ED300594279E8C /* HistoryFilterPredicateTests.swift */; };
		F5A5FB0C16A9660611B6E7D8 /* EmotionWheelView.swift in Sources */ = {isa = PBXBuildFile; fileRef = 782FA50454E902FB514212AD /* EmotionWheelView.swift */; };
		F789B695BEC5764F5A1A4C75 /* OFCard.swift in Sources */ = {isa = PBXBuildFile; fileRef = 8942BFA59ED385EB86B4EF54 /* OFCard.swift */; };
		FC3CA36D116BC855230219C1 /* HistoryNoteUpdateTests.swift in Sources */ = {isa = PBXBuildFile; fileRef = 5B09F2AFDF52B93CA13FB865 /* HistoryNoteUpdateTests.swift */; };
		FCECC1FC5EB1B463F7ADA054 /* ExportServiceMarkdownTests.swift in Sources */ = {isa = PBXBuildFile; fileRef = 952F0F1CC79ADD3F6CC64F03 /* ExportServiceMarkdownTests.swift */; };
		FE77858F69AAA5FA8B4517D9 /* DesignTokens.swift in Sources */ = {isa = PBXBuildFile; fileRef = 1B72939CBC8E0A7B15A5EE0E /* DesignTokens.swift */; };
/* End PBXBuildFile section */

/* Begin PBXContainerItemProxy section */
		1135B305160A80A7381274D5 /* PBXContainerItemProxy */ = {
			isa = PBXContainerItemProxy;
			containerPortal = D9E7C5EE7035B148C0C0D25E /* Project object */;
			proxyType = 1;
			remoteGlobalIDString = 491C371BB4D3E5E8750110B6;
			remoteInfo = OpenFeelings;
		};
		1BAB5CB28863E82CEA0757FB /* PBXContainerItemProxy */ = {
			isa = PBXContainerItemProxy;
			containerPortal = D9E7C5EE7035B148C0C0D25E /* Project object */;
			proxyType = 1;
			remoteGlobalIDString = C99B038DD20D96390F265759;
			remoteInfo = OpenFeelingsWatch;
		};
		E661639A6152468CD736ECB6 /* PBXContainerItemProxy */ = {
			isa = PBXContainerItemProxy;
			containerPortal = D9E7C5EE7035B148C0C0D25E /* Project object */;
			proxyType = 1;
			remoteGlobalIDString = 491C371BB4D3E5E8750110B6;
			remoteInfo = OpenFeelings;
		};
/* End PBXContainerItemProxy section */

/* Begin PBXCopyFilesBuildPhase section */
		717F7EE4F7053B514EDBB939 /* Embed Watch Content */ = {
			isa = PBXCopyFilesBuildPhase;
			buildActionMask = 2147483647;
			dstPath = "$(CONTENTS_FOLDER_PATH)/Watch";
			dstSubfolderSpec = 16;
			files = (
				0E61B04B729FF069F3E8660B /* OpenFeelingsWatch.app in Embed Watch Content */,
			);
			name = "Embed Watch Content";
			runOnlyForDeploymentPostprocessing = 0;
		};
/* End PBXCopyFilesBuildPhase section */

/* Begin PBXFileReference section */
		03A39CE3CFFB6A17B71E95B9 /* TherapyReportSettingsView.swift */ = {isa = PBXFileReference; lastKnownFileType = sourcecode.swift; path = TherapyReportSettingsView.swift; sourceTree = "<group>"; };
		04222452EC9D14AA2FC547CE /* UserBodyMapTests.swift */ = {isa = PBXFileReference; lastKnownFileType = sourcecode.swift; path = UserBodyMapTests.swift; sourceTree = "<group>"; };
		046676990FE85881F78D3406 /* OFChipIdentifierTests.swift */ = {isa = PBXFileReference; lastKnownFileType = sourcecode.swift; path = OFChipIdentifierTests.swift; sourceTree = "<group>"; };
		0515B72A8FAC01AA37180E2A /* PersonalizationNudge.swift */ = {isa = PBXFileReference; lastKnownFileType = sourcecode.swift; path = PersonalizationNudge.swift; sourceTree = "<group>"; };
		06AA11A4901FC5ED08031FD2 /* OpenFeelings.app */ = {isa = PBXFileReference; includeInIndex = 0; lastKnownFileType = wrapper.application; path = OpenFeelings.app; sourceTree = BUILT_PRODUCTS_DIR; };
		08E53C404C96AD5249068055 /* EmotionColorPaletteTests.swift */ = {isa = PBXFileReference; lastKnownFileType = sourcecode.swift; path = EmotionColorPaletteTests.swift; sourceTree = "<group>"; };
		0993C66C08C445F9B11C2D1A /* OpenFeelings.entitlements */ = {isa = PBXFileReference; lastKnownFileType = text.plist.entitlements; path = OpenFeelings.entitlements; sourceTree = "<group>"; };
		1292B5645B01B5EFDB92AE05 /* LiquidGlass.swift */ = {isa = PBXFileReference; lastKnownFileType = sourcecode.swift; path = LiquidGlass.swift; sourceTree = "<group>"; };
		13E2166C782A963AA06ACC3B /* CoreFeelingPicker.swift */ = {isa = PBXFileReference; lastKnownFileType = sourcecode.swift; path = CoreFeelingPicker.swift; sourceTree = "<group>"; };
		156795D51040306BD09F3006 /* WatchCheckInPayloadTests.swift */ = {isa = PBXFileReference; lastKnownFileType = sourcecode.swift; path = WatchCheckInPayloadTests.swift; sourceTree = "<group>"; };
		1772A8BCB2595E645C9E5080 /* HistoryDeleteTests.swift */ = {isa = PBXFileReference; lastKnownFileType = sourcecode.swift; path = HistoryDeleteTests.swift; sourceTree = "<group>"; };
		17DC44721733546416582778 /* EmotionTaxonomyTests.swift */ = {isa = PBXFileReference; lastKnownFileType = sourcecode.swift; path = EmotionTaxonomyTests.swift; sourceTree = "<group>"; };
		186F1042FF9CD96AF90DFC95 /* AppIconView.swift */ = {isa = PBXFileReference; lastKnownFileType = sourcecode.swift; path = AppIconView.swift; sourceTree = "<group>"; };
		1B72939CBC8E0A7B15A5EE0E /* DesignTokens.swift */ = {isa = PBXFileReference; lastKnownFileType = sourcecode.swift; path = DesignTokens.swift; sourceTree = "<group>"; };
		1E36FA186526385FF499AE4E /* StepHeader.swift */ = {isa = PBXFileReference; lastKnownFileType = sourcecode.swift; path = StepHeader.swift; sourceTree = "<group>"; };
		1EB7650384FCF8D402BA9E59 /* EmotionColor.swift */ = {isa = PBXFileReference; lastKnownFileType = sourcecode.swift; path = EmotionColor.swift; sourceTree = "<group>"; };
		2024F67D00A5BB9D28CA1126 /* EmotionDefinitionCard.swift */ = {isa = PBXFileReference; lastKnownFileType = sourcecode.swift; path = EmotionDefinitionCard.swift; sourceTree = "<group>"; };
		246FF3C81FAF6DA04D7DC616 /* WatchCheckInSettings.swift */ = {isa = PBXFileReference; lastKnownFileType = sourcecode.swift; path = WatchCheckInSettings.swift; sourceTree = "<group>"; };
		25CB8D043EB9C6E1CBE22CDC /* EmotionColorPalette.swift */ = {isa = PBXFileReference; lastKnownFileType = sourcecode.swift; path = EmotionColorPalette.swift; sourceTree = "<group>"; };
		270853AFA9340C271CA558F5 /* HealthService.swift */ = {isa = PBXFileReference; lastKnownFileType = sourcecode.swift; path = HealthService.swift; sourceTree = "<group>"; };
		295D45C9D0C561EB42973B20 /* StepNav.swift */ = {isa = PBXFileReference; lastKnownFileType = sourcecode.swift; path = StepNav.swift; sourceTree = "<group>"; };
		2A4DC35489830AC2C557E692 /* ContextTaxonomy.swift */ = {isa = PBXFileReference; lastKnownFileType = sourcecode.swift; path = ContextTaxonomy.swift; sourceTree = "<group>"; };
		2A9FA20488540C2867C4A648 /* TriggersStep.swift */ = {isa = PBXFileReference; lastKnownFileType = sourcecode.swift; path = TriggersStep.swift; sourceTree = "<group>"; };
		2EDADDC3603FCA59B70E4348 /* ExportServiceTests.swift */ = {isa = PBXFileReference; lastKnownFileType = sourcecode.swift; path = ExportServiceTests.swift; sourceTree = "<group>"; };
		2EE0674743EB9DF9F462815C /* Info.plist */ = {isa = PBXFileReference; lastKnownFileType = text.plist; path = Info.plist; sourceTree = "<group>"; };
		2FC317F1254C07891B905A2F /* InsightsDataset.swift */ = {isa = PBXFileReference; lastKnownFileType = sourcecode.swift; path = InsightsDataset.swift; sourceTree = "<group>"; };
		31CED3B3FE9900D791C1BD4C /* TherapyReportPages.swift */ = {isa = PBXFileReference; lastKnownFileType = sourcecode.swift; path = TherapyReportPages.swift; sourceTree = "<group>"; };
		37E6DFD5B60E08A57A1FFBDA /* OFChip.swift */ = {isa = PBXFileReference; lastKnownFileType = sourcecode.swift; path = OFChip.swift; sourceTree = "<group>"; };
		39F09CBFBF5B196FE262C142 /* OFEmptyState.swift */ = {isa = PBXFileReference; lastKnownFileType = sourcecode.swift; path = OFEmptyState.swift; sourceTree = "<group>"; };
		3A44364C666A3699459891C6 /* TherapyReportPDFServiceTests.swift */ = {isa = PBXFileReference; lastKnownFileType = sourcecode.swift; path = TherapyReportPDFServiceTests.swift; sourceTree = "<group>"; };
		3AE50F3B4D41BD2A8AE31C31 /* MoreDetailDisclosure.swift */ = {isa = PBXFileReference; lastKnownFileType = sourcecode.swift; path = MoreDetailDisclosure.swift; sourceTree = "<group>"; };
		3AF040E2F0926C227D98B6D1 /* HealthKitMapperTests.swift */ = {isa = PBXFileReference; lastKnownFileType = sourcecode.swift; path = HealthKitMapperTests.swift; sourceTree = "<group>"; };
		3B34230A9CB898470920148B /* EmotionDefinitions.swift */ = {isa = PBXFileReference; lastKnownFileType = sourcecode.swift; path = EmotionDefinitions.swift; sourceTree = "<group>"; };
		3BA060D8C4EECFFA215E9C86 /* OpenFeelingsWatchApp.swift */ = {isa = PBXFileReference; lastKnownFileType = sourcecode.swift; path = OpenFeelingsWatchApp.swift; sourceTree = "<group>"; };
		3BD5CE6E917C19C55E6B3679 /* FeelingStep.swift */ = {isa = PBXFileReference; lastKnownFileType = sourcecode.swift; path = FeelingStep.swift; sourceTree = "<group>"; };
		3DAB79132B33CB384631F146 /* WatchSettingsStore.swift */ = {isa = PBXFileReference; lastKnownFileType = sourcecode.swift; path = WatchSettingsStore.swift; sourceTree = "<group>"; };
		3F9DBD58FC8EDD3CC05DB025 /* AppLockService.swift */ = {isa = PBXFileReference; lastKnownFileType = sourcecode.swift; path = AppLockService.swift; sourceTree = "<group>"; };
		4073497ECC60F9CC7EEBD189 /* CheckInDraftTests.swift */ = {isa = PBXFileReference; lastKnownFileType = sourcecode.swift; path = CheckInDraftTests.swift; sourceTree = "<group>"; };
		42F4EDC2DAFAA3C11A8DE88B /* IntentionDayFelt.swift */ = {isa = PBXFileReference; lastKnownFileType = sourcecode.swift; path = IntentionDayFelt.swift; sourceTree = "<group>"; };
		430D545A44D2FD8E845DA0B4 /* CheckInFlowEngine.swift */ = {isa = PBXFileReference; lastKnownFileType = sourcecode.swift; path = CheckInFlowEngine.swift; sourceTree = "<group>"; };
		464D885245E0FF5E70E4FF20 /* OpenFeelingsWatch.app */ = {isa = PBXFileReference; explicitFileType = wrapper.application; includeInIndex = 0; path = OpenFeelingsWatch.app; sourceTree = BUILT_PRODUCTS_DIR; };
		467A1BE03FA4A9092BADB1FB /* SensationPicker.swift */ = {isa = PBXFileReference; lastKnownFileType = sourcecode.swift; path = SensationPicker.swift; sourceTree = "<group>"; };
		4803243D62430FBFD50B50F1 /* OpenFeelingsUITests.xctest */ = {isa = PBXFileReference; includeInIndex = 0; lastKnownFileType = wrapper.cfbundle; path = OpenFeelingsUITests.xctest; sourceTree = BUILT_PRODUCTS_DIR; };
		4863F4EFA1517ABBCA9B87B5 /* BodyEmotionMapTests.swift */ = {isa = PBXFileReference; lastKnownFileType = sourcecode.swift; path = BodyEmotionMapTests.swift; sourceTree = "<group>"; };
		493A5AC7F3B3BD365062DB5D /* AppNavigation.swift */ = {isa = PBXFileReference; lastKnownFileType = sourcecode.swift; path = AppNavigation.swift; sourceTree = "<group>"; };
		494ECD530239CC1891D17A81 /* TherapyReportPDFService.swift */ = {isa = PBXFileReference; lastKnownFileType = sourcecode.swift; path = TherapyReportPDFService.swift; sourceTree = "<group>"; };
		4CF78191FFFE7BD6EBE567F7 /* ExportService.swift */ = {isa = PBXFileReference; lastKnownFileType = sourcecode.swift; path = ExportService.swift; sourceTree = "<group>"; };
		4F0E026042777B83C0ACB5CA /* SelectedFeelingBadge.swift */ = {isa = PBXFileReference; lastKnownFileType = sourcecode.swift; path = SelectedFeelingBadge.swift; sourceTree = "<group>"; };
		4F17029E1FE2971A883A1F44 /* ExportService+Logseq.swift */ = {isa = PBXFileReference; lastKnownFileType = sourcecode.swift; path = "ExportService+Logseq.swift"; sourceTree = "<group>"; };
		50CA78BE3C53FCA7FF28ECC5 /* JournalShareService.swift */ = {isa = PBXFileReference; lastKnownFileType = sourcecode.swift; path = JournalShareService.swift; sourceTree = "<group>"; };
		518E478CE65EB2DA13685C61 /* StrengthStep.swift */ = {isa = PBXFileReference; lastKnownFileType = sourcecode.swift; path = StrengthStep.swift; sourceTree = "<group>"; };
		555051881E4EB6BEE6441D3D /* WatchSessionClient.swift */ = {isa = PBXFileReference; lastKnownFileType = sourcecode.swift; path = WatchSessionClient.swift; sourceTree = "<group>"; };
		5B09F2AFDF52B93CA13FB865 /* HistoryNoteUpdateTests.swift */ = {isa = PBXFileReference; lastKnownFileType = sourcecode.swift; path = HistoryNoteUpdateTests.swift; sourceTree = "<group>"; };
		5C11D8D490876864723023D4 /* CheckInRootView.swift */ = {isa = PBXFileReference; lastKnownFileType = sourcecode.swift; path = CheckInRootView.swift; sourceTree = "<group>"; };
		5DBE7791A5A4F34B61AC23A0 /* CheckInFlowSettingsView.swift */ = {isa = PBXFileReference; lastKnownFileType = sourcecode.swift; path = CheckInFlowSettingsView.swift; sourceTree = "<group>"; };
		60CAF5B22D477191AAC90A68 /* HealthKit.framework */ = {isa = PBXFileReference; lastKnownFileType = wrapper.framework; name = HealthKit.framework; path = System/Library/Frameworks/HealthKit.framework; sourceTree = SDKROOT; };
		62C5638C7143F19756D4F706 /* TriggerCopingTaxonomyTests.swift */ = {isa = PBXFileReference; lastKnownFileType = sourcecode.swift; path = TriggerCopingTaxonomyTests.swift; sourceTree = "<group>"; };
		65D5FDED989398FD2671303C /* InsightsChartDescriptorTests.swift */ = {isa = PBXFileReference; lastKnownFileType = sourcecode.swift; path = InsightsChartDescriptorTests.swift; sourceTree = "<group>"; };
		6625DA0A4DB7B1A02D92A7ED /* WatchSyncService.swift */ = {isa = PBXFileReference; lastKnownFileType = sourcecode.swift; path = WatchSyncService.swift; sourceTree = "<group>"; };
		662AD400A8250C1F0AE595B4 /* BodyTaxonomyTests.swift */ = {isa = PBXFileReference; lastKnownFileType = sourcecode.swift; path = BodyTaxonomyTests.swift; sourceTree = "<group>"; };
		673304A78F91B0FBAB57E263 /* OFSectionHeader.swift */ = {isa = PBXFileReference; lastKnownFileType = sourcecode.swift; path = OFSectionHeader.swift; sourceTree = "<group>"; };
		67883588A892337E51FF1047 /* NoteEditorSheet.swift */ = {isa = PBXFileReference; lastKnownFileType = sourcecode.swift; path = NoteEditorSheet.swift; sourceTree = "<group>"; };
		6CEFF29F9D2ED37AFBAC8FAD /* MoodScaleTests.swift */ = {isa = PBXFileReference; lastKnownFileType = sourcecode.swift; path = MoodScaleTests.swift; sourceTree = "<group>"; };
		6EFC747E5175AA458493E26C /* HistoryViewAXTests.swift */ = {isa = PBXFileReference; lastKnownFileType = sourcecode.swift; path = HistoryViewAXTests.swift; sourceTree = "<group>"; };
		6F8CC033A8036714D6596C7C /* LearnedBodyMapTests.swift */ = {isa = PBXFileReference; lastKnownFileType = sourcecode.swift; path = LearnedBodyMapTests.swift; sourceTree = "<group>"; };
		71314FEA8C977CF9A5AD4F06 /* WeekSummary.swift */ = {isa = PBXFileReference; lastKnownFileType = sourcecode.swift; path = WeekSummary.swift; sourceTree = "<group>"; };
		761168044FE1E8231D0CCD3B /* Greeting.swift */ = {isa = PBXFileReference; lastKnownFileType = sourcecode.swift; path = Greeting.swift; sourceTree = "<group>"; };
		764DCB6D65D0FAA3772A4AAA /* GreetingTests.swift */ = {isa = PBXFileReference; lastKnownFileType = sourcecode.swift; path = GreetingTests.swift; sourceTree = "<group>"; };
		76CEC54B4C4FB9FB92471F4D /* TriggerCopingTaxonomy.swift */ = {isa = PBXFileReference; lastKnownFileType = sourcecode.swift; path = TriggerCopingTaxonomy.swift; sourceTree = "<group>"; };
		782FA50454E902FB514212AD /* EmotionWheelView.swift */ = {isa = PBXFileReference; lastKnownFileType = sourcecode.swift; path = EmotionWheelView.swift; sourceTree = "<group>"; };
		7E55CD92959AD25E36DB17D2 /* EmotionTaxonomy.swift */ = {isa = PBXFileReference; lastKnownFileType = sourcecode.swift; path = EmotionTaxonomy.swift; sourceTree = "<group>"; };
		85F6FF9EEE69BDBD038A224B /* InsightsView.swift */ = {isa = PBXFileReference; lastKnownFileType = sourcecode.swift; path = InsightsView.swift; sourceTree = "<group>"; };
		8634C539E9E91494BB8296B7 /* LocalAuthentication.framework */ = {isa = PBXFileReference; lastKnownFileType = wrapper.framework; name = LocalAuthentication.framework; path = System/Library/Frameworks/LocalAuthentication.framework; sourceTree = SDKROOT; };
		865935CC06FCA28B76C62FCD /* AppNavigationTests.swift */ = {isa = PBXFileReference; lastKnownFileType = sourcecode.swift; path = AppNavigationTests.swift; sourceTree = "<group>"; };
		86992BC2A4EE056BCADB460D /* UserBodyMap.swift */ = {isa = PBXFileReference; lastKnownFileType = sourcecode.swift; path = UserBodyMap.swift; sourceTree = "<group>"; };
		87641CE67B00B70D94F6CA76 /* OpenFeelingsWatch.entitlements */ = {isa = PBXFileReference; lastKnownFileType = text.plist.entitlements; path = OpenFeelingsWatch.entitlements; sourceTree = "<group>"; };
		8942BFA59ED385EB86B4EF54 /* OFCard.swift */ = {isa = PBXFileReference; lastKnownFileType = sourcecode.swift; path = OFCard.swift; sourceTree = "<group>"; };
		8BBA239F10ED300594279E8C /* HistoryFilterPredicateTests.swift */ = {isa = PBXFileReference; lastKnownFileType = sourcecode.swift; path = HistoryFilterPredicateTests.swift; sourceTree = "<group>"; };
		8D15E50CE42EAB2D6178F6E0 /* OFListRow.swift */ = {isa = PBXFileReference; lastKnownFileType = sourcecode.swift; path = OFListRow.swift; sourceTree = "<group>"; };
		8F9A872D72EDAD8E42137BB5 /* CheckInDraft.swift */ = {isa = PBXFileReference; lastKnownFileType = sourcecode.swift; path = CheckInDraft.swift; sourceTree = "<group>"; };
		8FEB00ED37F9809278819E66 /* WatchSyncServiceTests.swift */ = {isa = PBXFileReference; lastKnownFileType = sourcecode.swift; path = WatchSyncServiceTests.swift; sourceTree = "<group>"; };
		9138E6D8E4A840D94F5F0C46 /* CheckInView.swift */ = {isa = PBXFileReference; lastKnownFileType = sourcecode.swift; path = CheckInView.swift; sourceTree = "<group>"; };
		952F0F1CC79ADD3F6CC64F03 /* ExportServiceMarkdownTests.swift */ = {isa = PBXFileReference; lastKnownFileType = sourcecode.swift; path = ExportServiceMarkdownTests.swift; sourceTree = "<group>"; };
		96ADEE9D24BB085DA4CE55A2 /* WeekSummaryTests.swift */ = {isa = PBXFileReference; lastKnownFileType = sourcecode.swift; path = WeekSummaryTests.swift; sourceTree = "<group>"; };
		96EC87B8A6AEA46829FA8412 /* ReflectStep.swift */ = {isa = PBXFileReference; lastKnownFileType = sourcecode.swift; path = ReflectStep.swift; sourceTree = "<group>"; };
		96FEC32E3B681940E6AEEC72 /* OFButton.swift */ = {isa = PBXFileReference; lastKnownFileType = sourcecode.swift; path = OFButton.swift; sourceTree = "<group>"; };
		97617B9D541CCB359B4F59FE /* OpenFeelingsTests.xctest */ = {isa = PBXFileReference; includeInIndex = 0; lastKnownFileType = wrapper.cfbundle; path = OpenFeelingsTests.xctest; sourceTree = BUILT_PRODUCTS_DIR; };
		97E063AD3C5F9E15541D46AC /* WatchCheckInPayload.swift */ = {isa = PBXFileReference; lastKnownFileType = sourcecode.swift; path = WatchCheckInPayload.swift; sourceTree = "<group>"; };
		9A676263C20FEE787D58C8F7 /* BodyRegionPicker.swift */ = {isa = PBXFileReference; lastKnownFileType = sourcecode.swift; path = BodyRegionPicker.swift; sourceTree = "<group>"; };
		9A91A71CCB26AE83A2F45AB9 /* InsightsSummaryTests.swift */ = {isa = PBXFileReference; lastKnownFileType = sourcecode.swift; path = InsightsSummaryTests.swift; sourceTree = "<group>"; };
		9B347D3DFDCF1B5DDBA9ECA8 /* HistoryDateGroupingTests.swift */ = {isa = PBXFileReference; lastKnownFileType = sourcecode.swift; path = HistoryDateGroupingTests.swift; sourceTree = "<group>"; };
		9B8A06E8A53572A1716E8A99 /* OpenFeelingsUITests.swift */ = {isa = PBXFileReference; lastKnownFileType = sourcecode.swift; path = OpenFeelingsUITests.swift; sourceTree = "<group>"; };
		9BF529546E7FDC311A94B4B7 /* AppearanceMode.swift */ = {isa = PBXFileReference; lastKnownFileType = sourcecode.swift; path = AppearanceMode.swift; sourceTree = "<group>"; };
		9C2393CAA4A99A9EAA5405B6 /* IntentionTests.swift */ = {isa = PBXFileReference; lastKnownFileType = sourcecode.swift; path = IntentionTests.swift; sourceTree = "<group>"; };
		9CCE216EE5D82F956DC02576 /* BodyEmotionMap.swift */ = {isa = PBXFileReference; lastKnownFileType = sourcecode.swift; path = BodyEmotionMap.swift; sourceTree = "<group>"; };
		9D67BAF0CDDAEB30DA7B36F6 /* Assets.xcassets */ = {isa = PBXFileReference; lastKnownFileType = folder.assetcatalog; path = Assets.xcassets; sourceTree = "<group>"; };
		A00FD5F9445C2DD71F9600FE /* JournalShareServiceTests.swift */ = {isa = PBXFileReference; lastKnownFileType = sourcecode.swift; path = JournalShareServiceTests.swift; sourceTree = "<group>"; };
		A139F747628A106913257991 /* Intention.swift */ = {isa = PBXFileReference; lastKnownFileType = sourcecode.swift; path = Intention.swift; sourceTree = "<group>"; };
		A28B3DCE5CF69DB15F2C1E84 /* WizardCheckInView.swift */ = {isa = PBXFileReference; lastKnownFileType = sourcecode.swift; path = WizardCheckInView.swift; sourceTree = "<group>"; };
		A29F05A83E93DC5826C386F5 /* BodyMapSettingsView.swift */ = {isa = PBXFileReference; lastKnownFileType = sourcecode.swift; path = BodyMapSettingsView.swift; sourceTree = "<group>"; };
		A355CDC9B28A9B941400AFA6 /* StepProgressBar.swift */ = {isa = PBXFileReference; lastKnownFileType = sourcecode.swift; path = StepProgressBar.swift; sourceTree = "<group>"; };
		A4BCFF283DD0D0F66527D705 /* SecondaryFeelingPicker.swift */ = {isa = PBXFileReference; lastKnownFileType = sourcecode.swift; path = SecondaryFeelingPicker.swift; sourceTree = "<group>"; };
		A638C240E85A7FEA5F2D883F /* IntentionsView.swift */ = {isa = PBXFileReference; lastKnownFileType = sourcecode.swift; path = IntentionsView.swift; sourceTree = "<group>"; };
		A72D429D414F0046295E2E50 /* AppearanceModeTests.swift */ = {isa = PBXFileReference; lastKnownFileType = sourcecode.swift; path = AppearanceModeTests.swift; sourceTree = "<group>"; };
		A8E0422D584F9FB87346FFBC /* BodySilhouetteView.swift */ = {isa = PBXFileReference; lastKnownFileType = sourcecode.swift; path = BodySilhouetteView.swift; sourceTree = "<group>"; };
		AA5A4382CFA9DE8E22655357 /* HistoryView.swift */ = {isa = PBXFileReference; lastKnownFileType = sourcecode.swift; path = HistoryView.swift; sourceTree = "<group>"; };
		AB442A2270FD273789D8284D /* SensationsStep.swift */ = {isa = PBXFileReference; lastKnownFileType = sourcecode.swift; path = SensationsStep.swift; sourceTree = "<group>"; };
		ABC071B7FFCF4E5B30B9C4C4 /* TodayViewAXTests.swift */ = {isa = PBXFileReference; lastKnownFileType = sourcecode.swift; path = TodayViewAXTests.swift; sourceTree = "<group>"; };
		B21F7225D1167F723EC98F10 /* CheckInWizardState.swift */ = {isa = PBXFileReference; lastKnownFileType = sourcecode.swift; path = CheckInWizardState.swift; sourceTree = "<group>"; };
		B45E70AE3D7D5B3BA5F5D31B /* BodyStep.swift */ = {isa = PBXFileReference; lastKnownFileType = sourcecode.swift; path = BodyStep.swift; sourceTree = "<group>"; };
		B624F35F9610784AEA13A3A1 /* CheckInStepKindTests.swift */ = {isa = PBXFileReference; lastKnownFileType = sourcecode.swift; path = CheckInStepKindTests.swift; sourceTree = "<group>"; };
		B67A46078B6257523BDCA760 /* SettingsView.swift */ = {isa = PBXFileReference; lastKnownFileType = sourcecode.swift; path = SettingsView.swift; sourceTree = "<group>"; };
		B7C7552D87622E0084230E5E /* WatchConnectivity.framework */ = {isa = PBXFileReference; lastKnownFileType = wrapper.framework; name = WatchConnectivity.framework; path = System/Library/Frameworks/WatchConnectivity.framework; sourceTree = SDKROOT; };
		B853D8246487F25572AEF0F5 /* ReminderService.swift */ = {isa = PBXFileReference; lastKnownFileType = sourcecode.swift; path = ReminderService.swift; sourceTree = "<group>"; };
		B8545D0663176438CED1D2D7 /* CheckInStepKind.swift */ = {isa = PBXFileReference; lastKnownFileType = sourcecode.swift; path = CheckInStepKind.swift; sourceTree = "<group>"; };
		B9D05B5BB1CF3FE4BCB02F59 /* ShareSheet.swift */ = {isa = PBXFileReference; lastKnownFileType = sourcecode.swift; path = ShareSheet.swift; sourceTree = "<group>"; };
		BA01967BCD9E433554336344 /* TherapyReportData.swift */ = {isa = PBXFileReference; lastKnownFileType = sourcecode.swift; path = TherapyReportData.swift; sourceTree = "<group>"; };
		C0762EAB12117A0ADE07609B /* Info.plist */ = {isa = PBXFileReference; lastKnownFileType = text.plist; path = Info.plist; sourceTree = "<group>"; };
		C461C99EA02F647B219DBACC /* ContextStep.swift */ = {isa = PBXFileReference; lastKnownFileType = sourcecode.swift; path = ContextStep.swift; sourceTree = "<group>"; };
		C4C624625E9E1C8E4381C457 /* Assets.xcassets */ = {isa = PBXFileReference; lastKnownFileType = folder.assetcatalog; path = Assets.xcassets; sourceTree = "<group>"; };
		C5A964AA9D5F2263F3F404ED /* CheckInFlowEngineTests.swift */ = {isa = PBXFileReference; lastKnownFileType = sourcecode.swift; path = CheckInFlowEngineTests.swift; sourceTree = "<group>"; };
		C6CD3074A5394FAAE9FBB07B /* WheelViewportTransformTests.swift */ = {isa = PBXFileReference; lastKnownFileType = sourcecode.swift; path = WheelViewportTransformTests.swift; sourceTree = "<group>"; };
		C932D5F22945AFFBE7E2E184 /* RootView.swift */ = {isa = PBXFileReference; lastKnownFileType = sourcecode.swift; path = RootView.swift; sourceTree = "<group>"; };
		CF70B3380626A0D857A1E2AC /* ExportServiceLogseqTests.swift */ = {isa = PBXFileReference; lastKnownFileType = sourcecode.swift; path = ExportServiceLogseqTests.swift; sourceTree = "<group>"; };
		D1C1969664DAE9332E91F254 /* FeelingLog.swift */ = {isa = PBXFileReference; lastKnownFileType = sourcecode.swift; path = FeelingLog.swift; sourceTree = "<group>"; };
		D24DA87BAAB515E03C03965D /* JournalText.swift */ = {isa = PBXFileReference; lastKnownFileType = sourcecode.swift; path = JournalText.swift; sourceTree = "<group>"; };
		D4E574AA868473503162215C /* LearnedBodyMap.swift */ = {isa = PBXFileReference; lastKnownFileType = sourcecode.swift; path = LearnedBodyMap.swift; sourceTree = "<group>"; };
		D928D754117BD9A1043AC19A /* InsightsDatasetTests.swift */ = {isa = PBXFileReference; lastKnownFileType = sourcecode.swift; path = InsightsDatasetTests.swift; sourceTree = "<group>"; };
		D9D201B86C580BD30270D860 /* TherapyReportDataTests.swift */ = {isa = PBXFileReference; lastKnownFileType = sourcecode.swift; path = TherapyReportDataTests.swift; sourceTree = "<group>"; };
		DAE13AE950D2FC48D6396207 /* IntensityPicker.swift */ = {isa = PBXFileReference; lastKnownFileType = sourcecode.swift; path = IntensityPicker.swift; sourceTree = "<group>"; };
		E0878680732EAE776729AD8F /* OpenFeelingsApp.swift */ = {isa = PBXFileReference; lastKnownFileType = sourcecode.swift; path = OpenFeelingsApp.swift; sourceTree = "<group>"; };
		E249B39B8711CDB62DAA306E /* TodayView.swift */ = {isa = PBXFileReference; lastKnownFileType = sourcecode.swift; path = TodayView.swift; sourceTree = "<group>"; };
		E3D68D35EA481C77B2226517 /* NoteEntryView.swift */ = {isa = PBXFileReference; lastKnownFileType = sourcecode.swift; path = NoteEntryView.swift; sourceTree = "<group>"; };
		E6A9AAFA48A8D9916962C66C /* IntentionDayFeltTests.swift */ = {isa = PBXFileReference; lastKnownFileType = sourcecode.swift; path = IntentionDayFeltTests.swift; sourceTree = "<group>"; };
		E852D8C541C1A6BF6F2DADD5 /* MoodScale.swift */ = {isa = PBXFileReference; lastKnownFileType = sourcecode.swift; path = MoodScale.swift; sourceTree = "<group>"; };
		EA0D9687C33DDDF47BAF8682 /* ContextTaxonomyTests.swift */ = {isa = PBXFileReference; lastKnownFileType = sourcecode.swift; path = ContextTaxonomyTests.swift; sourceTree = "<group>"; };
		F305DB0DD1C152FEAF981408 /* UserNotifications.framework */ = {isa = PBXFileReference; lastKnownFileType = wrapper.framework; name = UserNotifications.framework; path = System/Library/Frameworks/UserNotifications.framework; sourceTree = SDKROOT; };
		F40A230E1202D1D42214CE2F /* SpecificFeelingPicker.swift */ = {isa = PBXFileReference; lastKnownFileType = sourcecode.swift; path = SpecificFeelingPicker.swift; sourceTree = "<group>"; };
		F420444BE4D3721C8F87B92D /* FeatureFlags.swift */ = {isa = PBXFileReference; lastKnownFileType = sourcecode.swift; path = FeatureFlags.swift; sourceTree = "<group>"; };
		F6959718821B4B5A9BE5B391 /* MoodStep.swift */ = {isa = PBXFileReference; lastKnownFileType = sourcecode.swift; path = MoodStep.swift; sourceTree = "<group>"; };
		F75137FB505AFD167B0BE54E /* CopingStep.swift */ = {isa = PBXFileReference; lastKnownFileType = sourcecode.swift; path = CopingStep.swift; sourceTree = "<group>"; };
		F79F6E093C84D3775EDED708 /* BodyTaxonomy.swift */ = {isa = PBXFileReference; lastKnownFileType = sourcecode.swift; path = BodyTaxonomy.swift; sourceTree = "<group>"; };
		FEC7DB1837474E15C9A66E13 /* LockGateView.swift */ = {isa = PBXFileReference; lastKnownFileType = sourcecode.swift; path = LockGateView.swift; sourceTree = "<group>"; };
/* End PBXFileReference section */

/* Begin PBXFrameworksBuildPhase section */
		6FE760333AFEBF3B555FAAB7 /* Frameworks */ = {
			isa = PBXFrameworksBuildPhase;
			buildActionMask = 2147483647;
			files = (
				A4DAB7C96F4B4342A88085A6 /* HealthKit.framework in Frameworks */,
				CB7880FD868691E4911F05C0 /* LocalAuthentication.framework in Frameworks */,
				173DAD6E8083040CB502D21F /* UserNotifications.framework in Frameworks */,
				39569C6CB305989603C0C187 /* WatchConnectivity.framework in Frameworks */,
			);
			runOnlyForDeploymentPostprocessing = 0;
		};
		B970AEE0964E5B0D432F6299 /* Frameworks */ = {
			isa = PBXFrameworksBuildPhase;
			buildActionMask = 2147483647;
			files = (
				A127251766B53F49634A5895 /* WatchConnectivity.framework in Frameworks */,
			);
			runOnlyForDeploymentPostprocessing = 0;
		};
/* End PBXFrameworksBuildPhase section */

/* Begin PBXGroup section */
		01EA5FE897BCE8C21B30FD33 /* Components */ = {
			isa = PBXGroup;
			children = (
				D24DA87BAAB515E03C03965D /* JournalText.swift */,
				96FEC32E3B681940E6AEEC72 /* OFButton.swift */,
				8942BFA59ED385EB86B4EF54 /* OFCard.swift */,
				37E6DFD5B60E08A57A1FFBDA /* OFChip.swift */,
				39F09CBFBF5B196FE262C142 /* OFEmptyState.swift */,
				8D15E50CE42EAB2D6178F6E0 /* OFListRow.swift */,
				673304A78F91B0FBAB57E263 /* OFSectionHeader.swift */,
				B9D05B5BB1CF3FE4BCB02F59 /* ShareSheet.swift */,
			);
			path = Components;
			sourceTree = "<group>";
		};
		036DA193C076501588F10034 /* Models */ = {
			isa = PBXGroup;
			children = (
				9CCE216EE5D82F956DC02576 /* BodyEmotionMap.swift */,
				F79F6E093C84D3775EDED708 /* BodyTaxonomy.swift */,
				2A4DC35489830AC2C557E692 /* ContextTaxonomy.swift */,
				3B34230A9CB898470920148B /* EmotionDefinitions.swift */,
				7E55CD92959AD25E36DB17D2 /* EmotionTaxonomy.swift */,
				D1C1969664DAE9332E91F254 /* FeelingLog.swift */,
				2FC317F1254C07891B905A2F /* InsightsDataset.swift */,
				A139F747628A106913257991 /* Intention.swift */,
				42F4EDC2DAFAA3C11A8DE88B /* IntentionDayFelt.swift */,
				D4E574AA868473503162215C /* LearnedBodyMap.swift */,
				E852D8C541C1A6BF6F2DADD5 /* MoodScale.swift */,
				76CEC54B4C4FB9FB92471F4D /* TriggerCopingTaxonomy.swift */,
				86992BC2A4EE056BCADB460D /* UserBodyMap.swift */,
			);
			path = Models;
			sourceTree = "<group>";
		};
		13A0ECFADCBB4CF7BCCBD81C /* Products */ = {
			isa = PBXGroup;
			children = (
				06AA11A4901FC5ED08031FD2 /* OpenFeelings.app */,
				97617B9D541CCB359B4F59FE /* OpenFeelingsTests.xctest */,
				4803243D62430FBFD50B50F1 /* OpenFeelingsUITests.xctest */,
				464D885245E0FF5E70E4FF20 /* OpenFeelingsWatch.app */,
			);
			name = Products;
			sourceTree = "<group>";
		};
		31BDFCDB21B2C74430FA1704 /* Views */ = {
			isa = PBXGroup;
			children = (
				9A676263C20FEE787D58C8F7 /* BodyRegionPicker.swift */,
				5C11D8D490876864723023D4 /* CheckInRootView.swift */,
				13E2166C782A963AA06ACC3B /* CoreFeelingPicker.swift */,
				DAE13AE950D2FC48D6396207 /* IntensityPicker.swift */,
				E3D68D35EA481C77B2226517 /* NoteEntryView.swift */,
				A4BCFF283DD0D0F66527D705 /* SecondaryFeelingPicker.swift */,
				467A1BE03FA4A9092BADB1FB /* SensationPicker.swift */,
				F40A230E1202D1D42214CE2F /* SpecificFeelingPicker.swift */,
			);
			path = Views;
			sourceTree = "<group>";
		};
		36B6CB2401FF4E380AEE2948 /* Design */ = {
			isa = PBXGroup;
			children = (
				9BF529546E7FDC311A94B4B7 /* AppearanceMode.swift */,
				186F1042FF9CD96AF90DFC95 /* AppIconView.swift */,
				493A5AC7F3B3BD365062DB5D /* AppNavigation.swift */,
				1B72939CBC8E0A7B15A5EE0E /* DesignTokens.swift */,
				1EB7650384FCF8D402BA9E59 /* EmotionColor.swift */,
				25CB8D043EB9C6E1CBE22CDC /* EmotionColorPalette.swift */,
				761168044FE1E8231D0CCD3B /* Greeting.swift */,
				1292B5645B01B5EFDB92AE05 /* LiquidGlass.swift */,
				71314FEA8C977CF9A5AD4F06 /* WeekSummary.swift */,
				01EA5FE897BCE8C21B30FD33 /* Components */,
			);
			path = Design;
			sourceTree = "<group>";
		};
		4CFC15819022060BDFCE9574 /* Services */ = {
			isa = PBXGroup;
			children = (
				B21F7225D1167F723EC98F10 /* CheckInWizardState.swift */,
				555051881E4EB6BEE6441D3D /* WatchSessionClient.swift */,
				3DAB79132B33CB384631F146 /* WatchSettingsStore.swift */,
			);
			path = Services;
			sourceTree = "<group>";
		};
		53D4F9B51DCAD75BEB5DED98 /* Services */ = {
			isa = PBXGroup;
			children = (
				3F9DBD58FC8EDD3CC05DB025 /* AppLockService.swift */,
				4CF78191FFFE7BD6EBE567F7 /* ExportService.swift */,
				4F17029E1FE2971A883A1F44 /* ExportService+Logseq.swift */,
				F420444BE4D3721C8F87B92D /* FeatureFlags.swift */,
				270853AFA9340C271CA558F5 /* HealthService.swift */,
				50CA78BE3C53FCA7FF28ECC5 /* JournalShareService.swift */,
				B853D8246487F25572AEF0F5 /* ReminderService.swift */,
				BA01967BCD9E433554336344 /* TherapyReportData.swift */,
				494ECD530239CC1891D17A81 /* TherapyReportPDFService.swift */,
				6625DA0A4DB7B1A02D92A7ED /* WatchSyncService.swift */,
			);
			path = Services;
			sourceTree = "<group>";
		};
		64469CC08CD7BDEB30DB2033 /* OpenFeelings */ = {
			isa = PBXGroup;
			children = (
				C4C624625E9E1C8E4381C457 /* Assets.xcassets */,
				2EE0674743EB9DF9F462815C /* Info.plist */,
				0993C66C08C445F9B11C2D1A /* OpenFeelings.entitlements */,
				E0878680732EAE776729AD8F /* OpenFeelingsApp.swift */,
				36B6CB2401FF4E380AEE2948 /* Design */,
				036DA193C076501588F10034 /* Models */,
				53D4F9B51DCAD75BEB5DED98 /* Services */,
				8E68114B496A4F7E3A66F3FF /* Shared */,
				8B710F70BEF9924575FCE7E9 /* Views */,
			);
			path = OpenFeelings;
			sourceTree = "<group>";
		};
		7DE78C160AD7BBCE152BA5A2 /* OpenFeelingsTests */ = {
			isa = PBXGroup;
			children = (
				A72D429D414F0046295E2E50 /* AppearanceModeTests.swift */,
				865935CC06FCA28B76C62FCD /* AppNavigationTests.swift */,
				4863F4EFA1517ABBCA9B87B5 /* BodyEmotionMapTests.swift */,
				662AD400A8250C1F0AE595B4 /* BodyTaxonomyTests.swift */,
				4073497ECC60F9CC7EEBD189 /* CheckInDraftTests.swift */,
				C5A964AA9D5F2263F3F404ED /* CheckInFlowEngineTests.swift */,
				B624F35F9610784AEA13A3A1 /* CheckInStepKindTests.swift */,
				EA0D9687C33DDDF47BAF8682 /* ContextTaxonomyTests.swift */,
				08E53C404C96AD5249068055 /* EmotionColorPaletteTests.swift */,
				17DC44721733546416582778 /* EmotionTaxonomyTests.swift */,
				CF70B3380626A0D857A1E2AC /* ExportServiceLogseqTests.swift */,
				952F0F1CC79ADD3F6CC64F03 /* ExportServiceMarkdownTests.swift */,
				2EDADDC3603FCA59B70E4348 /* ExportServiceTests.swift */,
				764DCB6D65D0FAA3772A4AAA /* GreetingTests.swift */,
				3AF040E2F0926C227D98B6D1 /* HealthKitMapperTests.swift */,
				9B347D3DFDCF1B5DDBA9ECA8 /* HistoryDateGroupingTests.swift */,
				1772A8BCB2595E645C9E5080 /* HistoryDeleteTests.swift */,
				8BBA239F10ED300594279E8C /* HistoryFilterPredicateTests.swift */,
				5B09F2AFDF52B93CA13FB865 /* HistoryNoteUpdateTests.swift */,
				6EFC747E5175AA458493E26C /* HistoryViewAXTests.swift */,
				65D5FDED989398FD2671303C /* InsightsChartDescriptorTests.swift */,
				D928D754117BD9A1043AC19A /* InsightsDatasetTests.swift */,
				9A91A71CCB26AE83A2F45AB9 /* InsightsSummaryTests.swift */,
				E6A9AAFA48A8D9916962C66C /* IntentionDayFeltTests.swift */,
				9C2393CAA4A99A9EAA5405B6 /* IntentionTests.swift */,
				A00FD5F9445C2DD71F9600FE /* JournalShareServiceTests.swift */,
				6F8CC033A8036714D6596C7C /* LearnedBodyMapTests.swift */,
				6CEFF29F9D2ED37AFBAC8FAD /* MoodScaleTests.swift */,
				046676990FE85881F78D3406 /* OFChipIdentifierTests.swift */,
				D9D201B86C580BD30270D860 /* TherapyReportDataTests.swift */,
				3A44364C666A3699459891C6 /* TherapyReportPDFServiceTests.swift */,
				ABC071B7FFCF4E5B30B9C4C4 /* TodayViewAXTests.swift */,
				62C5638C7143F19756D4F706 /* TriggerCopingTaxonomyTests.swift */,
				04222452EC9D14AA2FC547CE /* UserBodyMapTests.swift */,
				156795D51040306BD09F3006 /* WatchCheckInPayloadTests.swift */,
				8FEB00ED37F9809278819E66 /* WatchSyncServiceTests.swift */,
				96ADEE9D24BB085DA4CE55A2 /* WeekSummaryTests.swift */,
				C6CD3074A5394FAAE9FBB07B /* WheelViewportTransformTests.swift */,
			);
			path = OpenFeelingsTests;
			sourceTree = "<group>";
		};
		8B710F70BEF9924575FCE7E9 /* Views */ = {
			isa = PBXGroup;
			children = (
				9138E6D8E4A840D94F5F0C46 /* CheckInView.swift */,
				2024F67D00A5BB9D28CA1126 /* EmotionDefinitionCard.swift */,
				782FA50454E902FB514212AD /* EmotionWheelView.swift */,
				AA5A4382CFA9DE8E22655357 /* HistoryView.swift */,
				85F6FF9EEE69BDBD038A224B /* InsightsView.swift */,
				A638C240E85A7FEA5F2D883F /* IntentionsView.swift */,
				FEC7DB1837474E15C9A66E13 /* LockGateView.swift */,
				67883588A892337E51FF1047 /* NoteEditorSheet.swift */,
				C932D5F22945AFFBE7E2E184 /* RootView.swift */,
				B67A46078B6257523BDCA760 /* SettingsView.swift */,
				E249B39B8711CDB62DAA306E /* TodayView.swift */,
				A28B3DCE5CF69DB15F2C1E84 /* WizardCheckInView.swift */,
				CD686D8B6BF46A54F6BD1E8C /* CheckInWizard */,
				EB15B1F90E1CD44584B9A8A5 /* Settings */,
				A315831F718C48275C7AAA90 /* TherapyReport */,
			);
			path = Views;
			sourceTree = "<group>";
		};
		8E68114B496A4F7E3A66F3FF /* Shared */ = {
			isa = PBXGroup;
			children = (
				97E063AD3C5F9E15541D46AC /* WatchCheckInPayload.swift */,
				246FF3C81FAF6DA04D7DC616 /* WatchCheckInSettings.swift */,
			);
			path = Shared;
			sourceTree = "<group>";
		};
		91F8E2B82D1D5B953A60202A = {
			isa = PBXGroup;
			children = (
				64469CC08CD7BDEB30DB2033 /* OpenFeelings */,
				7DE78C160AD7BBCE152BA5A2 /* OpenFeelingsTests */,
				C8EC154EF4FBE5EF922AA60F /* OpenFeelingsUITests */,
				D25338855B8DAF0B63759E65 /* OpenFeelingsWatch */,
				B41E6FBD3699E4EA384EEEFA /* Frameworks */,
				13A0ECFADCBB4CF7BCCBD81C /* Products */,
			);
			sourceTree = "<group>";
		};
		A315831F718C48275C7AAA90 /* TherapyReport */ = {
			isa = PBXGroup;
			children = (
				31CED3B3FE9900D791C1BD4C /* TherapyReportPages.swift */,
				03A39CE3CFFB6A17B71E95B9 /* TherapyReportSettingsView.swift */,
			);
			path = TherapyReport;
			sourceTree = "<group>";
		};
		B41E6FBD3699E4EA384EEEFA /* Frameworks */ = {
			isa = PBXGroup;
			children = (
				60CAF5B22D477191AAC90A68 /* HealthKit.framework */,
				8634C539E9E91494BB8296B7 /* LocalAuthentication.framework */,
				F305DB0DD1C152FEAF981408 /* UserNotifications.framework */,
				B7C7552D87622E0084230E5E /* WatchConnectivity.framework */,
			);
			name = Frameworks;
			sourceTree = "<group>";
		};
		BEAA40A42DA06D095E257B2F /* Steps */ = {
			isa = PBXGroup;
			children = (
				B45E70AE3D7D5B3BA5F5D31B /* BodyStep.swift */,
				C461C99EA02F647B219DBACC /* ContextStep.swift */,
				F75137FB505AFD167B0BE54E /* CopingStep.swift */,
				3BD5CE6E917C19C55E6B3679 /* FeelingStep.swift */,
				F6959718821B4B5A9BE5B391 /* MoodStep.swift */,
				96EC87B8A6AEA46829FA8412 /* ReflectStep.swift */,
				AB442A2270FD273789D8284D /* SensationsStep.swift */,
				518E478CE65EB2DA13685C61 /* StrengthStep.swift */,
				2A9FA20488540C2867C4A648 /* TriggersStep.swift */,
			);
			path = Steps;
			sourceTree = "<group>";
		};
		C8EC154EF4FBE5EF922AA60F /* OpenFeelingsUITests */ = {
			isa = PBXGroup;
			children = (
				9B8A06E8A53572A1716E8A99 /* OpenFeelingsUITests.swift */,
			);
			path = OpenFeelingsUITests;
			sourceTree = "<group>";
		};
		CD686D8B6BF46A54F6BD1E8C /* CheckInWizard */ = {
			isa = PBXGroup;
			children = (
				8F9A872D72EDAD8E42137BB5 /* CheckInDraft.swift */,
				430D545A44D2FD8E845DA0B4 /* CheckInFlowEngine.swift */,
				B8545D0663176438CED1D2D7 /* CheckInStepKind.swift */,
				D3FE4990A6320EF6F8E5FC33 /* Components */,
				BEAA40A42DA06D095E257B2F /* Steps */,
			);
			path = CheckInWizard;
			sourceTree = "<group>";
		};
		D25338855B8DAF0B63759E65 /* OpenFeelingsWatch */ = {
			isa = PBXGroup;
			children = (
				9D67BAF0CDDAEB30DA7B36F6 /* Assets.xcassets */,
				C0762EAB12117A0ADE07609B /* Info.plist */,
				87641CE67B00B70D94F6CA76 /* OpenFeelingsWatch.entitlements */,
				3BA060D8C4EECFFA215E9C86 /* OpenFeelingsWatchApp.swift */,
				4CFC15819022060BDFCE9574 /* Services */,
				31BDFCDB21B2C74430FA1704 /* Views */,
			);
			path = OpenFeelingsWatch;
			sourceTree = "<group>";
		};
		D3FE4990A6320EF6F8E5FC33 /* Components */ = {
			isa = PBXGroup;
			children = (
				A8E0422D584F9FB87346FFBC /* BodySilhouetteView.swift */,
				3AE50F3B4D41BD2A8AE31C31 /* MoreDetailDisclosure.swift */,
				0515B72A8FAC01AA37180E2A /* PersonalizationNudge.swift */,
				4F0E026042777B83C0ACB5CA /* SelectedFeelingBadge.swift */,
				1E36FA186526385FF499AE4E /* StepHeader.swift */,
				295D45C9D0C561EB42973B20 /* StepNav.swift */,
				A355CDC9B28A9B941400AFA6 /* StepProgressBar.swift */,
			);
			path = Components;
			sourceTree = "<group>";
		};
		EB15B1F90E1CD44584B9A8A5 /* Settings */ = {
			isa = PBXGroup;
			children = (
				A29F05A83E93DC5826C386F5 /* BodyMapSettingsView.swift */,
				5DBE7791A5A4F34B61AC23A0 /* CheckInFlowSettingsView.swift */,
			);
			path = Settings;
			sourceTree = "<group>";
		};
/* End PBXGroup section */

/* Begin PBXNativeTarget section */
		491C371BB4D3E5E8750110B6 /* OpenFeelings */ = {
			isa = PBXNativeTarget;
			buildConfigurationList = 7DC79E471B7F4F7FB77A3033 /* Build configuration list for PBXNativeTarget "OpenFeelings" */;
			buildPhases = (
				06CC976B38324C869B04DE15 /* Sources */,
				809DCF714962A264DC97ADAC /* Resources */,
				6FE760333AFEBF3B555FAAB7 /* Frameworks */,
				717F7EE4F7053B514EDBB939 /* Embed Watch Content */,
			);
			buildRules = (
			);
			dependencies = (
				88C1EBB67175F0A1F5FC7DBB /* PBXTargetDependency */,
			);
			name = OpenFeelings;
			packageProductDependencies = (
			);
			productName = OpenFeelings;
			productReference = 06AA11A4901FC5ED08031FD2 /* OpenFeelings.app */;
			productType = "com.apple.product-type.application";
		};
		A4BF3179DB3DADF6C3A254A7 /* OpenFeelingsTests */ = {
			isa = PBXNativeTarget;
			buildConfigurationList = 4074B885051FAA79F84E6562 /* Build configuration list for PBXNativeTarget "OpenFeelingsTests" */;
			buildPhases = (
				F9A0F1A635E4972E322E3B08 /* Sources */,
			);
			buildRules = (
			);
			dependencies = (
				EAACAAD3118413658E818D38 /* PBXTargetDependency */,
			);
			name = OpenFeelingsTests;
			packageProductDependencies = (
			);
			productName = OpenFeelingsTests;
			productReference = 97617B9D541CCB359B4F59FE /* OpenFeelingsTests.xctest */;
			productType = "com.apple.product-type.bundle.unit-test";
		};
		B3D0C802247C8A10B428AC41 /* OpenFeelingsUITests */ = {
			isa = PBXNativeTarget;
			buildConfigurationList = 472DEFB8938D540CF2B25E8F /* Build configuration list for PBXNativeTarget "OpenFeelingsUITests" */;
			buildPhases = (
				7024D18B0AE328737B348DBD /* Sources */,
			);
			buildRules = (
			);
			dependencies = (
				165745E3F95E0CA8AB526407 /* PBXTargetDependency */,
			);
			name = OpenFeelingsUITests;
			packageProductDependencies = (
			);
			productName = OpenFeelingsUITests;
			productReference = 4803243D62430FBFD50B50F1 /* OpenFeelingsUITests.xctest */;
			productType = "com.apple.product-type.bundle.ui-testing";
		};
		C99B038DD20D96390F265759 /* OpenFeelingsWatch */ = {
			isa = PBXNativeTarget;
			buildConfigurationList = 56400FE01A6B1DAD36E1ED2C /* Build configuration list for PBXNativeTarget "OpenFeelingsWatch" */;
			buildPhases = (
				3BED9090A21CA5BDB8D4FA7F /* Sources */,
				2A9771909BECA5B13DB3AF63 /* Resources */,
				B970AEE0964E5B0D432F6299 /* Frameworks */,
			);
			buildRules = (
			);
			dependencies = (
			);
			name = OpenFeelingsWatch;
			packageProductDependencies = (
			);
			productName = OpenFeelingsWatch;
			productReference = 464D885245E0FF5E70E4FF20 /* OpenFeelingsWatch.app */;
			productType = "com.apple.product-type.application";
		};
/* End PBXNativeTarget section */

/* Begin PBXProject section */
		D9E7C5EE7035B148C0C0D25E /* Project object */ = {
			isa = PBXProject;
			attributes = {
				BuildIndependentTargetsInParallel = YES;
				LastUpgradeCheck = 1430;
				TargetAttributes = {
					491C371BB4D3E5E8750110B6 = {
						DevelopmentTeam = K7CBQW6MPG;
					};
					A4BF3179DB3DADF6C3A254A7 = {
						DevelopmentTeam = K7CBQW6MPG;
					};
					B3D0C802247C8A10B428AC41 = {
						DevelopmentTeam = K7CBQW6MPG;
						TestTargetID = 491C371BB4D3E5E8750110B6;
					};
					C99B038DD20D96390F265759 = {
						DevelopmentTeam = K7CBQW6MPG;
					};
				};
			};
			buildConfigurationList = E3228093D42747EE04D5FDF1 /* Build configuration list for PBXProject "OpenFeelings" */;
			developmentRegion = en;
			hasScannedForEncodings = 0;
			knownRegions = (
				Base,
				en,
			);
			mainGroup = 91F8E2B82D1D5B953A60202A;
			minimizedProjectReferenceProxies = 1;
			preferredProjectObjectVersion = 77;
			productRefGroup = 13A0ECFADCBB4CF7BCCBD81C /* Products */;
			projectDirPath = "";
			projectRoot = "";
			targets = (
				491C371BB4D3E5E8750110B6 /* OpenFeelings */,
				A4BF3179DB3DADF6C3A254A7 /* OpenFeelingsTests */,
				B3D0C802247C8A10B428AC41 /* OpenFeelingsUITests */,
				C99B038DD20D96390F265759 /* OpenFeelingsWatch */,
			);
		};
/* End PBXProject section */

/* Begin PBXResourcesBuildPhase section */
		2A9771909BECA5B13DB3AF63 /* Resources */ = {
			isa = PBXResourcesBuildPhase;
			buildActionMask = 2147483647;
			files = (
				C6D9AFD5AB828C33817FD1C7 /* Assets.xcassets in Resources */,
			);
			runOnlyForDeploymentPostprocessing = 0;
		};
		809DCF714962A264DC97ADAC /* Resources */ = {
			isa = PBXResourcesBuildPhase;
			buildActionMask = 2147483647;
			files = (
				2738E06A6C334EC851C7B103 /* Assets.xcassets in Resources */,
			);
			runOnlyForDeploymentPostprocessing = 0;
		};
/* End PBXResourcesBuildPhase section */

/* Begin PBXSourcesBuildPhase section */
		06CC976B38324C869B04DE15 /* Sources */ = {
			isa = PBXSourcesBuildPhase;
			buildActionMask = 2147483647;
			files = (
				46C276F4A404056684E8DAEB /* AppIconView.swift in Sources */,
				A5151D4DB8AE2987680D3AC9 /* AppLockService.swift in Sources */,
				6B85C09974147D729D5F79BC /* AppNavigation.swift in Sources */,
				32EC8F42D60F0E3EEEAE8B14 /* AppearanceMode.swift in Sources */,
				9B0D1FC76E20AA3CAC8ED6B9 /* BodyEmotionMap.swift in Sources */,
				4ED7DBF28DD53693982BD474 /* BodyMapSettingsView.swift in Sources */,
				53EB6FCD8BA4469352F34CC8 /* BodySilhouetteView.swift in Sources */,
				35CCD3D6A82E4B454ED039FA /* BodyStep.swift in Sources */,
				65050F421A2359929132B426 /* BodyTaxonomy.swift in Sources */,
				7C142522E509F8C822A13D65 /* CheckInDraft.swift in Sources */,
				BDC94C788370C0FB6C669527 /* CheckInFlowEngine.swift in Sources */,
				9FDF2AA07587BE3FE57CFE26 /* CheckInFlowSettingsView.swift in Sources */,
				5137AEFD7888146FAC1FCD1D /* CheckInStepKind.swift in Sources */,
				8932D616F1DE3C04B3C4E8CD /* CheckInView.swift in Sources */,
				42E45D793A6B92B8E2D75185 /* ContextStep.swift in Sources */,
				4B371CC39F85142B4CEE87B3 /* ContextTaxonomy.swift in Sources */,
				08B4B6A550B775996DD07EF8 /* CopingStep.swift in Sources */,
				FE77858F69AAA5FA8B4517D9 /* DesignTokens.swift in Sources */,
				DD33FA92DFE817DF833DD6D1 /* EmotionColor.swift in Sources */,
				9833333060417938341C17C7 /* EmotionColorPalette.swift in Sources */,
				9D8191F168CD0B9A2DC899D3 /* EmotionDefinitionCard.swift in Sources */,
				68A231876EB468982FA6F17C /* EmotionDefinitions.swift in Sources */,
				66F4B96CBC9DEEA5ACE69E5B /* EmotionTaxonomy.swift in Sources */,
				F5A5FB0C16A9660611B6E7D8 /* EmotionWheelView.swift in Sources */,
				9A2E3D3C49289BAEB8AA598E /* ExportService+Logseq.swift in Sources */,
				18682033B8552EFFF0BA0A2E /* ExportService.swift in Sources */,
				4D59C736DCC60FACE468DB16 /* FeatureFlags.swift in Sources */,
				4AF0ADF55D1E292CEEDEF66E /* FeelingLog.swift in Sources */,
				942DC9636A36E855CD74856E /* FeelingStep.swift in Sources */,
				60F88FEB494C6CA274E6B618 /* Greeting.swift in Sources */,
				08F20C61D0758AA5628806E8 /* HealthService.swift in Sources */,
				86C9EC37D0756765FBE998D3 /* HistoryView.swift in Sources */,
				6A086118F58A2014E3049A71 /* InsightsDataset.swift in Sources */,
				399059894BECDC267871CEDE /* InsightsView.swift in Sources */,
				A7087DF600D27FA710FB840C /* Intention.swift in Sources */,
				09858D6FE2E2838C5D30AD81 /* IntentionDayFelt.swift in Sources */,
				0F78382D02F7E444C1DECBA3 /* IntentionsView.swift in Sources */,
				2CF4C2CBF326A44E974C7389 /* JournalShareService.swift in Sources */,
				1A824B16E348EDA780D3550E /* JournalText.swift in Sources */,
				397ABA5F8FAFD64C1EC14019 /* LearnedBodyMap.swift in Sources */,
				42F96DD600BC611CA17FCD72 /* LiquidGlass.swift in Sources */,
				6F9D189D177331830F250286 /* LockGateView.swift in Sources */,
				3FD3936D3F358291ED7B7FD9 /* MoodScale.swift in Sources */,
				CF83AB346BACEBA934FD811E /* MoodStep.swift in Sources */,
				E0F257C1963925D1CBC6FCE3 /* MoreDetailDisclosure.swift in Sources */,
				E5CDDE9B3D4D74F5C82D4C72 /* NoteEditorSheet.swift in Sources */,
				2B7CCCA566134D1C3BD9ABFE /* OFButton.swift in Sources */,
				F789B695BEC5764F5A1A4C75 /* OFCard.swift in Sources */,
				2B2D4B5BE6783AA819C122FD /* OFChip.swift in Sources */,
				A805B0FB1A2A5691E12C78AE /* OFEmptyState.swift in Sources */,
				648E8E699680F70D0013BC77 /* OFListRow.swift in Sources */,
				364FB17A8527C8C3FEADA0E9 /* OFSectionHeader.swift in Sources */,
				94F57299E8ACBCAEF3EB2C40 /* OpenFeelingsApp.swift in Sources */,
				4525E98E91208FE49B00EBFE /* PersonalizationNudge.swift in Sources */,
				5879811C404CA3367A1A5075 /* ReflectStep.swift in Sources */,
				0CAAE68B9551C2DB13F58630 /* ReminderService.swift in Sources */,
				C81CF1D5A2FE1969CEC5042C /* RootView.swift in Sources */,
				ED0B67AD789F0B3243FC5F1B /* SelectedFeelingBadge.swift in Sources */,
				0933844880766DAE10CB0CF9 /* SensationsStep.swift in Sources */,
				D132D67A4072BA22EB1517AA /* SettingsView.swift in Sources */,
				42EA729916148685FC11E4A5 /* ShareSheet.swift in Sources */,
				98940F4B2A48443EFE09A1D2 /* StepHeader.swift in Sources */,
				AC6858773A1DB082EC9140FB /* StepNav.swift in Sources */,
				A6EF522C92D7DD08E1852A91 /* StepProgressBar.swift in Sources */,
				CE0318F0BF006DB29544475E /* StrengthStep.swift in Sources */,
				38658901E28E559006B92B51 /* TherapyReportData.swift in Sources */,
				12E0F2178AC63F6B482A809B /* TherapyReportPDFService.swift in Sources */,
				BD559B6C26624E9F5DBD4AC8 /* TherapyReportPages.swift in Sources */,
				A6EF192827257C28B35C8DB7 /* TherapyReportSettingsView.swift in Sources */,
				71E478571A4718C3EE53657D /* TodayView.swift in Sources */,
				4EAFA054342A1132AE893FC5 /* TriggerCopingTaxonomy.swift in Sources */,
				4B7A92CCBAAAD94FCD1D54C4 /* TriggersStep.swift in Sources */,
				9D1C2A46735BF5A7C3D7BAE2 /* UserBodyMap.swift in Sources */,
				31EA02F0D4D045B03BC52A7D /* WatchCheckInPayload.swift in Sources */,
				CDBD062828BA92D93932A903 /* WatchCheckInSettings.swift in Sources */,
				BD27EC055FD4DC1826AB1E06 /* WatchSyncService.swift in Sources */,
				B0533A3684164C5BF81C2848 /* WeekSummary.swift in Sources */,
				35B8237F53C22352502C858B /* WizardCheckInView.swift in Sources */,
			);
			runOnlyForDeploymentPostprocessing = 0;
		};
		3BED9090A21CA5BDB8D4FA7F /* Sources */ = {
			isa = PBXSourcesBuildPhase;
			buildActionMask = 2147483647;
			files = (
				AC2648868DD71DAA1AE5C7D6 /* BodyRegionPicker.swift in Sources */,
				21C88844821E3A38CCB8002F /* BodyTaxonomy.swift in Sources */,
				4DEC3D3D1CDB695B2FDACA6F /* CheckInRootView.swift in Sources */,
				12D615BFB4D8CCD1130E8081 /* CheckInWizardState.swift in Sources */,
				4DF1FCB2092988CE954C1507 /* CoreFeelingPicker.swift in Sources */,
				2D7523DB9F3627E60DCAB521 /* EmotionTaxonomy.swift in Sources */,
				088A0A9547D3AF1856032AD0 /* IntensityPicker.swift in Sources */,
				D5F720F7DB22873766889092 /* NoteEntryView.swift in Sources */,
				32BB847E8084657FD00587CE /* OpenFeelingsWatchApp.swift in Sources */,
				212D290737542E9A4F507DBD /* SecondaryFeelingPicker.swift in Sources */,
				40C2D0C262E0CE5974F24722 /* SensationPicker.swift in Sources */,
				3CFA80EE13B5665871E1D1CE /* SpecificFeelingPicker.swift in Sources */,
				B6FD43FFC5F3CEB1EED4919D /* WatchCheckInPayload.swift in Sources */,
				829BEEFF2F252718BA95707E /* WatchCheckInSettings.swift in Sources */,
				6B45C1549F740BE3821481CB /* WatchSessionClient.swift in Sources */,
				CE732280C7427FC328F78C0C /* WatchSettingsStore.swift in Sources */,
			);
			runOnlyForDeploymentPostprocessing = 0;
		};
		7024D18B0AE328737B348DBD /* Sources */ = {
			isa = PBXSourcesBuildPhase;
			buildActionMask = 2147483647;
			files = (
				BB139D88E1285BFAA7BFA813 /* OpenFeelingsUITests.swift in Sources */,
			);
			runOnlyForDeploymentPostprocessing = 0;
		};
		F9A0F1A635E4972E322E3B08 /* Sources */ = {
			isa = PBXSourcesBuildPhase;
			buildActionMask = 2147483647;
			files = (
				7A5CDCA737F19EEE682FF2D6 /* AppNavigationTests.swift in Sources */,
				2D7F3E55328881C064C1F30B /* AppearanceModeTests.swift in Sources */,
				EAA4BD296FE9B3789D321049 /* BodyEmotionMapTests.swift in Sources */,
				BE4F6B74031D931677239AA6 /* BodyTaxonomyTests.swift in Sources */,
				406AE87BB5B6683201CC353F /* CheckInDraftTests.swift in Sources */,
				6A908A698926019D47058E0F /* CheckInFlowEngineTests.swift in Sources */,
				490A441FEE0CCD3676BFD8DD /* CheckInStepKindTests.swift in Sources */,
				E40C48CD97294796C278116A /* ContextTaxonomyTests.swift in Sources */,
				0E13AFD750E0DD4E4CD8205F /* EmotionColorPaletteTests.swift in Sources */,
				3174D671D427D4E0E115CB0B /* EmotionTaxonomyTests.swift in Sources */,
				09076C6771D243015E361F84 /* ExportServiceLogseqTests.swift in Sources */,
				FCECC1FC5EB1B463F7ADA054 /* ExportServiceMarkdownTests.swift in Sources */,
				4111A094708B2A54B9557B70 /* ExportServiceTests.swift in Sources */,
				8DAD0AF27D2EF7F4F9494D6E /* GreetingTests.swift in Sources */,
				13FBCFA3838B55A7F8024F1F /* HealthKitMapperTests.swift in Sources */,
				6A288364F568F970E41D6AFD /* HistoryDateGroupingTests.swift in Sources */,
				0EECCA9D39125FBE8BD6F190 /* HistoryDeleteTests.swift in Sources */,
				F4F77872D9D77888690E6CDE /* HistoryFilterPredicateTests.swift in Sources */,
				FC3CA36D116BC855230219C1 /* HistoryNoteUpdateTests.swift in Sources */,
				BF33A818F631C5B167456EE7 /* HistoryViewAXTests.swift in Sources */,
				03473A0809C5F810ABF7085B /* InsightsChartDescriptorTests.swift in Sources */,
				93C6AE36CE94A4BF319C7164 /* InsightsDatasetTests.swift in Sources */,
				8FB433BA5A35DB2556E8A643 /* InsightsSummaryTests.swift in Sources */,
				5E3300179DC74485C286F28D /* IntentionDayFeltTests.swift in Sources */,
				9D075BFB8688F6D306F5E192 /* IntentionTests.swift in Sources */,
				7EAE6D48259BA29E3396F10C /* JournalShareServiceTests.swift in Sources */,
				424AAD19887413FB7CAFBBCD /* LearnedBodyMapTests.swift in Sources */,
				63A613DDF289E5C6807DB98A /* MoodScaleTests.swift in Sources */,
				D74AEFAFBF80DCFDEEFF1DB5 /* OFChipIdentifierTests.swift in Sources */,
				DCE91AE6501FB582480508DA /* TherapyReportDataTests.swift in Sources */,
				80852C2F4E568359FBD158C5 /* TherapyReportPDFServiceTests.swift in Sources */,
				68E95B34E2877C8A748EE5E4 /* TodayViewAXTests.swift in Sources */,
				623702D5BCB58CA6AD952961 /* TriggerCopingTaxonomyTests.swift in Sources */,
				D2366692E84C4389A4B3F7EA /* UserBodyMapTests.swift in Sources */,
				32F98CF2E9DFA5DECF145206 /* WatchCheckInPayloadTests.swift in Sources */,
				2F2B16B97C23CCE836AE5373 /* WatchSyncServiceTests.swift in Sources */,
				189D1693B1C37C03C1976141 /* WeekSummaryTests.swift in Sources */,
				3D5BDB7D779D26BDA9905666 /* WheelViewportTransformTests.swift in Sources */,
			);
			runOnlyForDeploymentPostprocessing = 0;
		};
/* End PBXSourcesBuildPhase section */

/* Begin PBXTargetDependency section */
		165745E3F95E0CA8AB526407 /* PBXTargetDependency */ = {
			isa = PBXTargetDependency;
			target = 491C371BB4D3E5E8750110B6 /* OpenFeelings */;
			targetProxy = 1135B305160A80A7381274D5 /* PBXContainerItemProxy */;
		};
		88C1EBB67175F0A1F5FC7DBB /* PBXTargetDependency */ = {
			isa = PBXTargetDependency;
			target = C99B038DD20D96390F265759 /* OpenFeelingsWatch */;
			targetProxy = 1BAB5CB28863E82CEA0757FB /* PBXContainerItemProxy */;
		};
		EAACAAD3118413658E818D38 /* PBXTargetDependency */ = {
			isa = PBXTargetDependency;
			target = 491C371BB4D3E5E8750110B6 /* OpenFeelings */;
			targetProxy = E661639A6152468CD736ECB6 /* PBXContainerItemProxy */;
		};
/* End PBXTargetDependency section */

/* Begin XCBuildConfiguration section */
		1ED78FF2BE61AC56074C11E0 /* Debug */ = {
			isa = XCBuildConfiguration;
			buildSettings = {
				BUNDLE_LOADER = "$(TEST_HOST)";
				DEVELOPMENT_TEAM = K7CBQW6MPG;
				GENERATE_INFOPLIST_FILE = YES;
				IPHONEOS_DEPLOYMENT_TARGET = 26.0;
				LD_RUNPATH_SEARCH_PATHS = (
					"$(inherited)",
					"@executable_path/Frameworks",
					"@loader_path/Frameworks",
				);
				PRODUCT_BUNDLE_IDENTIFIER = dev.finklea.openfeelings.uitests;
				SDKROOT = iphoneos;
				TARGETED_DEVICE_FAMILY = "1,2";
				TEST_TARGET_NAME = OpenFeelings;
			};
			name = Debug;
		};
		2ECAEFCCCD99AF8358C66AE5 /* Release */ = {
			isa = XCBuildConfiguration;
			buildSettings = {
				BUNDLE_LOADER = "$(TEST_HOST)";
				DEVELOPMENT_TEAM = K7CBQW6MPG;
				GENERATE_INFOPLIST_FILE = YES;
				IPHONEOS_DEPLOYMENT_TARGET = 26.0;
				LD_RUNPATH_SEARCH_PATHS = (
					"$(inherited)",
					"@executable_path/Frameworks",
					"@loader_path/Frameworks",
				);
				PRODUCT_BUNDLE_IDENTIFIER = dev.finklea.openfeelings.uitests;
				SDKROOT = iphoneos;
				TARGETED_DEVICE_FAMILY = "1,2";
				TEST_TARGET_NAME = OpenFeelings;
			};
			name = Release;
		};
		2FB04408068401C617F7651A /* Debug */ = {
			isa = XCBuildConfiguration;
			buildSettings = {
				ASSETCATALOG_COMPILER_APPICON_NAME = AppIcon;
				CODE_SIGN_ENTITLEMENTS = OpenFeelings/OpenFeelings.entitlements;
				CODE_SIGN_IDENTITY = "iPhone Developer";
				DEVELOPMENT_TEAM = K7CBQW6MPG;
				INFOPLIST_FILE = OpenFeelings/Info.plist;
				IPHONEOS_DEPLOYMENT_TARGET = 26.0;
				LD_RUNPATH_SEARCH_PATHS = (
					"$(inherited)",
					"@executable_path/Frameworks",
				);
				PRODUCT_BUNDLE_IDENTIFIER = dev.finklea.openfeelings;
				PRODUCT_NAME = OpenFeelings;
				SDKROOT = iphoneos;
				TARGETED_DEVICE_FAMILY = "1,2";
			};
			name = Debug;
		};
		3D46860ED1E71C16003E9971 /* Debug */ = {
			isa = XCBuildConfiguration;
			buildSettings = {
				ASSETCATALOG_COMPILER_APPICON_NAME = AppIcon;
				CODE_SIGN_ENTITLEMENTS = OpenFeelingsWatch/OpenFeelingsWatch.entitlements;
				DEVELOPMENT_TEAM = K7CBQW6MPG;
				INFOPLIST_FILE = OpenFeelingsWatch/Info.plist;
				PRODUCT_BUNDLE_IDENTIFIER = dev.finklea.openfeelings.watchkitapp;
				PRODUCT_NAME = OpenFeelings;
				SDKROOT = watchos;
				SKIP_INSTALL = YES;
				SUPPORTS_MACCATALYST = NO;
				TARGETED_DEVICE_FAMILY = 4;
				WATCHOS_DEPLOYMENT_TARGET = 26.0;
			};
			name = Debug;
		};
		50087E3F8B385E3050A5FDE2 /* Release */ = {
			isa = XCBuildConfiguration;
			buildSettings = {
				BUNDLE_LOADER = "$(TEST_HOST)";
				DEVELOPMENT_TEAM = K7CBQW6MPG;
				GENERATE_INFOPLIST_FILE = YES;
				IPHONEOS_DEPLOYMENT_TARGET = 26.0;
				LD_RUNPATH_SEARCH_PATHS = (
					"$(inherited)",
					"@executable_path/Frameworks",
					"@loader_path/Frameworks",
				);
				PRODUCT_BUNDLE_IDENTIFIER = dev.finklea.openfeelings.tests;
				SDKROOT = iphoneos;
				TARGETED_DEVICE_FAMILY = "1,2";
				TEST_HOST = "$(BUILT_PRODUCTS_DIR)/OpenFeelings.app/OpenFeelings";
			};
			name = Release;
		};
		5220961AD3D8DAF937917563 /* Release */ = {
			isa = XCBuildConfiguration;
			buildSettings = {
				ASSETCATALOG_COMPILER_APPICON_NAME = AppIcon;
				CODE_SIGN_ENTITLEMENTS = OpenFeelings/OpenFeelings.entitlements;
				CODE_SIGN_IDENTITY = "iPhone Developer";
				DEVELOPMENT_TEAM = K7CBQW6MPG;
				INFOPLIST_FILE = OpenFeelings/Info.plist;
				IPHONEOS_DEPLOYMENT_TARGET = 26.0;
				LD_RUNPATH_SEARCH_PATHS = (
					"$(inherited)",
					"@executable_path/Frameworks",
				);
				PRODUCT_BUNDLE_IDENTIFIER = dev.finklea.openfeelings;
				PRODUCT_NAME = OpenFeelings;
				SDKROOT = iphoneos;
				TARGETED_DEVICE_FAMILY = "1,2";
			};
			name = Release;
		};
		57FB6DEDB9EFC86173749EFE /* Debug */ = {
			isa = XCBuildConfiguration;
			buildSettings = {
				BUNDLE_LOADER = "$(TEST_HOST)";
				DEVELOPMENT_TEAM = K7CBQW6MPG;
				GENERATE_INFOPLIST_FILE = YES;
				IPHONEOS_DEPLOYMENT_TARGET = 26.0;
				LD_RUNPATH_SEARCH_PATHS = (
					"$(inherited)",
					"@executable_path/Frameworks",
					"@loader_path/Frameworks",
				);
				PRODUCT_BUNDLE_IDENTIFIER = dev.finklea.openfeelings.tests;
				SDKROOT = iphoneos;
				TARGETED_DEVICE_FAMILY = "1,2";
				TEST_HOST = "$(BUILT_PRODUCTS_DIR)/OpenFeelings.app/OpenFeelings";
			};
			name = Debug;
		};
		7C85DDE9161CE0342D12450E /* Release */ = {
			isa = XCBuildConfiguration;
			buildSettings = {
				ALWAYS_SEARCH_USER_PATHS = NO;
				CLANG_ANALYZER_LOCALIZABILITY_NONLOCALIZED = YES;
				CLANG_ANALYZER_NONNULL = YES;
				CLANG_ANALYZER_NUMBER_OBJECT_CONVERSION = YES_AGGRESSIVE;
				CLANG_CXX_LANGUAGE_STANDARD = "gnu++14";
				CLANG_CXX_LIBRARY = "libc++";
				CLANG_ENABLE_MODULES = YES;
				CLANG_ENABLE_OBJC_ARC = YES;
				CLANG_ENABLE_OBJC_WEAK = YES;
				CLANG_WARN_BLOCK_CAPTURE_AUTORELEASING = YES;
				CLANG_WARN_BOOL_CONVERSION = YES;
				CLANG_WARN_COMMA = YES;
				CLANG_WARN_CONSTANT_CONVERSION = YES;
				CLANG_WARN_DEPRECATED_OBJC_IMPLEMENTATIONS = YES;
				CLANG_WARN_DIRECT_OBJC_ISA_USAGE = YES_ERROR;
				CLANG_WARN_DOCUMENTATION_COMMENTS = YES;
				CLANG_WARN_EMPTY_BODY = YES;
				CLANG_WARN_ENUM_CONVERSION = YES;
				CLANG_WARN_INFINITE_RECURSION = YES;
				CLANG_WARN_INT_CONVERSION = YES;
				CLANG_WARN_NON_LITERAL_NULL_CONVERSION = YES;
				CLANG_WARN_OBJC_IMPLICIT_RETAIN_SELF = YES;
				CLANG_WARN_OBJC_LITERAL_CONVERSION = YES;
				CLANG_WARN_OBJC_ROOT_CLASS = YES_ERROR;
				CLANG_WARN_QUOTED_INCLUDE_IN_FRAMEWORK_HEADER = YES;
				CLANG_WARN_RANGE_LOOP_ANALYSIS = YES;
				CLANG_WARN_STRICT_PROTOTYPES = YES;
				CLANG_WARN_SUSPICIOUS_MOVE = YES;
				CLANG_WARN_UNGUARDED_AVAILABILITY = YES_AGGRESSIVE;
				CLANG_WARN_UNREACHABLE_CODE = YES;
				CLANG_WARN__DUPLICATE_METHOD_MATCH = YES;
				COPY_PHASE_STRIP = NO;
				CURRENT_PROJECT_VERSION = 26;
				DEBUG_INFORMATION_FORMAT = "dwarf-with-dsym";
				ENABLE_NS_ASSERTIONS = NO;
				ENABLE_STRICT_OBJC_MSGSEND = YES;
				GCC_C_LANGUAGE_STANDARD = gnu11;
				GCC_NO_COMMON_BLOCKS = YES;
				GCC_WARN_64_TO_32_BIT_CONVERSION = YES;
				GCC_WARN_ABOUT_RETURN_TYPE = YES_ERROR;
				GCC_WARN_UNDECLARED_SELECTOR = YES;
				GCC_WARN_UNINITIALIZED_AUTOS = YES_AGGRESSIVE;
				GCC_WARN_UNUSED_FUNCTION = YES;
				GCC_WARN_UNUSED_VARIABLE = YES;
				IPHONEOS_DEPLOYMENT_TARGET = 26.0;
				MARKETING_VERSION = 0.1.0;
				MTL_ENABLE_DEBUG_INFO = NO;
				MTL_FAST_MATH = YES;
				PRODUCT_NAME = "$(TARGET_NAME)";
				SWIFT_COMPILATION_MODE = wholemodule;
				SWIFT_OPTIMIZATION_LEVEL = "-O";
				SWIFT_VERSION = 6.0;
			};
			name = Release;
		};
		9466ECCFDAECE26668C7D85A /* Release */ = {
			isa = XCBuildConfiguration;
			buildSettings = {
				ASSETCATALOG_COMPILER_APPICON_NAME = AppIcon;
				CODE_SIGN_ENTITLEMENTS = OpenFeelingsWatch/OpenFeelingsWatch.entitlements;
				DEVELOPMENT_TEAM = K7CBQW6MPG;
				INFOPLIST_FILE = OpenFeelingsWatch/Info.plist;
				PRODUCT_BUNDLE_IDENTIFIER = dev.finklea.openfeelings.watchkitapp;
				PRODUCT_NAME = OpenFeelings;
				SDKROOT = watchos;
				SKIP_INSTALL = YES;
				SUPPORTS_MACCATALYST = NO;
				TARGETED_DEVICE_FAMILY = 4;
				WATCHOS_DEPLOYMENT_TARGET = 26.0;
			};
			name = Release;
		};
		B1551DC554264C28F01BBBA2 /* Debug */ = {
			isa = XCBuildConfiguration;
			buildSettings = {
				ALWAYS_SEARCH_USER_PATHS = NO;
				CLANG_ANALYZER_LOCALIZABILITY_NONLOCALIZED = YES;
				CLANG_ANALYZER_NONNULL = YES;
				CLANG_ANALYZER_NUMBER_OBJECT_CONVERSION = YES_AGGRESSIVE;
				CLANG_CXX_LANGUAGE_STANDARD = "gnu++14";
				CLANG_CXX_LIBRARY = "libc++";
				CLANG_ENABLE_MODULES = YES;
				CLANG_ENABLE_OBJC_ARC = YES;
				CLANG_ENABLE_OBJC_WEAK = YES;
				CLANG_WARN_BLOCK_CAPTURE_AUTORELEASING = YES;
				CLANG_WARN_BOOL_CONVERSION = YES;
				CLANG_WARN_COMMA = YES;
				CLANG_WARN_CONSTANT_CONVERSION = YES;
				CLANG_WARN_DEPRECATED_OBJC_IMPLEMENTATIONS = YES;
				CLANG_WARN_DIRECT_OBJC_ISA_USAGE = YES_ERROR;
				CLANG_WARN_DOCUMENTATION_COMMENTS = YES;
				CLANG_WARN_EMPTY_BODY = YES;
				CLANG_WARN_ENUM_CONVERSION = YES;
				CLANG_WARN_INFINITE_RECURSION = YES;
				CLANG_WARN_INT_CONVERSION = YES;
				CLANG_WARN_NON_LITERAL_NULL_CONVERSION = YES;
				CLANG_WARN_OBJC_IMPLICIT_RETAIN_SELF = YES;
				CLANG_WARN_OBJC_LITERAL_CONVERSION = YES;
				CLANG_WARN_OBJC_ROOT_CLASS = YES_ERROR;
				CLANG_WARN_QUOTED_INCLUDE_IN_FRAMEWORK_HEADER = YES;
				CLANG_WARN_RANGE_LOOP_ANALYSIS = YES;
				CLANG_WARN_STRICT_PROTOTYPES = YES;
				CLANG_WARN_SUSPICIOUS_MOVE = YES;
				CLANG_WARN_UNGUARDED_AVAILABILITY = YES_AGGRESSIVE;
				CLANG_WARN_UNREACHABLE_CODE = YES;
				CLANG_WARN__DUPLICATE_METHOD_MATCH = YES;
				COPY_PHASE_STRIP = NO;
				CURRENT_PROJECT_VERSION = 26;
				DEBUG_INFORMATION_FORMAT = dwarf;
				ENABLE_STRICT_OBJC_MSGSEND = YES;
				ENABLE_TESTABILITY = YES;
				GCC_C_LANGUAGE_STANDARD = gnu11;
				GCC_DYNAMIC_NO_PIC = NO;
				GCC_NO_COMMON_BLOCKS = YES;
				GCC_OPTIMIZATION_LEVEL = 0;
				GCC_PREPROCESSOR_DEFINITIONS = (
					"$(inherited)",
					"DEBUG=1",
				);
				GCC_WARN_64_TO_32_BIT_CONVERSION = YES;
				GCC_WARN_ABOUT_RETURN_TYPE = YES_ERROR;
				GCC_WARN_UNDECLARED_SELECTOR = YES;
				GCC_WARN_UNINITIALIZED_AUTOS = YES_AGGRESSIVE;
				GCC_WARN_UNUSED_FUNCTION = YES;
				GCC_WARN_UNUSED_VARIABLE = YES;
				IPHONEOS_DEPLOYMENT_TARGET = 26.0;
				MARKETING_VERSION = 0.1.0;
				MTL_ENABLE_DEBUG_INFO = INCLUDE_SOURCE;
				MTL_FAST_MATH = YES;
				ONLY_ACTIVE_ARCH = YES;
				PRODUCT_NAME = "$(TARGET_NAME)";
				SWIFT_ACTIVE_COMPILATION_CONDITIONS = DEBUG;
				SWIFT_OPTIMIZATION_LEVEL = "-Onone";
				SWIFT_VERSION = 6.0;
			};
			name = Debug;
		};
/* End XCBuildConfiguration section */

/* Begin XCConfigurationList section */
		4074B885051FAA79F84E6562 /* Build configuration list for PBXNativeTarget "OpenFeelingsTests" */ = {
			isa = XCConfigurationList;
			buildConfigurations = (
				57FB6DEDB9EFC86173749EFE /* Debug */,
				50087E3F8B385E3050A5FDE2 /* Release */,
			);
			defaultConfigurationIsVisible = 0;
			defaultConfigurationName = Debug;
		};
		472DEFB8938D540CF2B25E8F /* Build configuration list for PBXNativeTarget "OpenFeelingsUITests" */ = {
			isa = XCConfigurationList;
			buildConfigurations = (
				1ED78FF2BE61AC56074C11E0 /* Debug */,
				2ECAEFCCCD99AF8358C66AE5 /* Release */,
			);
			defaultConfigurationIsVisible = 0;
			defaultConfigurationName = Debug;
		};
		56400FE01A6B1DAD36E1ED2C /* Build configuration list for PBXNativeTarget "OpenFeelingsWatch" */ = {
			isa = XCConfigurationList;
			buildConfigurations = (
				3D46860ED1E71C16003E9971 /* Debug */,
				9466ECCFDAECE26668C7D85A /* Release */,
			);
			defaultConfigurationIsVisible = 0;
			defaultConfigurationName = Debug;
		};
		7DC79E471B7F4F7FB77A3033 /* Build configuration list for PBXNativeTarget "OpenFeelings" */ = {
			isa = XCConfigurationList;
			buildConfigurations = (
				2FB04408068401C617F7651A /* Debug */,
				5220961AD3D8DAF937917563 /* Release */,
			);
			defaultConfigurationIsVisible = 0;
			defaultConfigurationName = Debug;
		};
		E3228093D42747EE04D5FDF1 /* Build configuration list for PBXProject "OpenFeelings" */ = {
			isa = XCConfigurationList;
			buildConfigurations = (
				B1551DC554264C28F01BBBA2 /* Debug */,
				7C85DDE9161CE0342D12450E /* Release */,
			);
			defaultConfigurationIsVisible = 0;
			defaultConfigurationName = Debug;
		};
/* End XCConfigurationList section */
	};
	rootObject = D9E7C5EE7035B148C0C0D25E /* Project object */;
}
